// !$*UTF8*$!
{
	archiveVersion = 1;
	classes = {
	};
	objectVersion = 46;
	objects = {

/* Begin PBXBuildFile section */
		9B274B7D1B5BBADD008D4394 /* MTCity.m in Sources */ = {isa = PBXBuildFile; fileRef = 9B274B7C1B5BBADD008D4394 /* MTCity.m */; };
		9B274B801B5BBB8E008D4394 /* MTRegion.m in Sources */ = {isa = PBXBuildFile; fileRef = 9B274B7F1B5BBB8E008D4394 /* MTRegion.m */; };
		9B274B831B5BBF0B008D4394 /* MTCityGroup.m in Sources */ = {isa = PBXBuildFile; fileRef = 9B274B821B5BBF0B008D4394 /* MTCityGroup.m */; };
		9B6AE5141B5BA50800F9286C /* MTHomeDropdownMainCell.m in Sources */ = {isa = PBXBuildFile; fileRef = 9B6AE5131B5BA50800F9286C /* MTHomeDropdownMainCell.m */; };
		9B6AE5171B5BA52200F9286C /* MTHomeDropdownSubCell.m in Sources */ = {isa = PBXBuildFile; fileRef = 9B6AE5161B5BA52200F9286C /* MTHomeDropdownSubCell.m */; };
		9B6AE5201B5BAC1700F9286C /* MTRegionViewController.m in Sources */ = {isa = PBXBuildFile; fileRef = 9B6AE51E1B5BAC1700F9286C /* MTRegionViewController.m */; };
		9B6AE5211B5BAC1700F9286C /* MTRegionViewController.xib in Resources */ = {isa = PBXBuildFile; fileRef = 9B6AE51F1B5BAC1700F9286C /* MTRegionViewController.xib */; };
		9B6AE5251B5BB36B00F9286C /* MTCityViewController.m in Sources */ = {isa = PBXBuildFile; fileRef = 9B6AE5231B5BB36B00F9286C /* MTCityViewController.m */; };
		9B6AE5261B5BB36B00F9286C /* MTCityViewController.xib in Resources */ = {isa = PBXBuildFile; fileRef = 9B6AE5241B5BB36B00F9286C /* MTCityViewController.xib */; };
		9B71DA521B59170B007AD280 /* Images.xcassets in Resources */ = {isa = PBXBuildFile; fileRef = 9B71DA511B59170B007AD280 /* Images.xcassets */; };
		9B71DA611B59170B007AD280 /* MeiTuan_HDTests.m in Sources */ = {isa = PBXBuildFile; fileRef = 9B71DA601B59170B007AD280 /* MeiTuan_HDTests.m */; };
		9B7783B11B7F1C10001E4681 /* MKAnnotationView+WebCache.m in Sources */ = {isa = PBXBuildFile; fileRef = 9B7783911B7F1C10001E4681 /* MKAnnotationView+WebCache.m */; };
		9B7783B21B7F1C10001E4681 /* NSData+ImageContentType.m in Sources */ = {isa = PBXBuildFile; fileRef = 9B7783931B7F1C10001E4681 /* NSData+ImageContentType.m */; };
		9B7783B31B7F1C10001E4681 /* SDImageCache.m in Sources */ = {isa = PBXBuildFile; fileRef = 9B7783951B7F1C10001E4681 /* SDImageCache.m */; };
		9B7783B41B7F1C10001E4681 /* SDWebImageCompat.m in Sources */ = {isa = PBXBuildFile; fileRef = 9B7783971B7F1C10001E4681 /* SDWebImageCompat.m */; };
		9B7783B51B7F1C10001E4681 /* SDWebImageDecoder.m in Sources */ = {isa = PBXBuildFile; fileRef = 9B7783991B7F1C10001E4681 /* SDWebImageDecoder.m */; };
		9B7783B61B7F1C10001E4681 /* SDWebImageDownloader.m in Sources */ = {isa = PBXBuildFile; fileRef = 9B77839B1B7F1C10001E4681 /* SDWebImageDownloader.m */; };
		9B7783B71B7F1C10001E4681 /* SDWebImageDownloaderOperation.m in Sources */ = {isa = PBXBuildFile; fileRef = 9B77839D1B7F1C10001E4681 /* SDWebImageDownloaderOperation.m */; };
		9B7783B81B7F1C10001E4681 /* SDWebImageManager.m in Sources */ = {isa = PBXBuildFile; fileRef = 9B77839F1B7F1C10001E4681 /* SDWebImageManager.m */; };
		9B7783B91B7F1C10001E4681 /* SDWebImagePrefetcher.m in Sources */ = {isa = PBXBuildFile; fileRef = 9B7783A21B7F1C10001E4681 /* SDWebImagePrefetcher.m */; };
		9B7783BA1B7F1C10001E4681 /* UIButton+WebCache.m in Sources */ = {isa = PBXBuildFile; fileRef = 9B7783A41B7F1C10001E4681 /* UIButton+WebCache.m */; };
		9B7783BB1B7F1C10001E4681 /* UIImage+GIF.m in Sources */ = {isa = PBXBuildFile; fileRef = 9B7783A61B7F1C10001E4681 /* UIImage+GIF.m */; };
		9B7783BC1B7F1C10001E4681 /* UIImage+MultiFormat.m in Sources */ = {isa = PBXBuildFile; fileRef = 9B7783A81B7F1C10001E4681 /* UIImage+MultiFormat.m */; };
		9B7783BD1B7F1C10001E4681 /* UIImage+WebP.m in Sources */ = {isa = PBXBuildFile; fileRef = 9B7783AA1B7F1C10001E4681 /* UIImage+WebP.m */; };
		9B7783BE1B7F1C10001E4681 /* UIImageView+HighlightedWebCache.m in Sources */ = {isa = PBXBuildFile; fileRef = 9B7783AC1B7F1C10001E4681 /* UIImageView+HighlightedWebCache.m */; };
		9B7783BF1B7F1C10001E4681 /* UIImageView+WebCache.m in Sources */ = {isa = PBXBuildFile; fileRef = 9B7783AE1B7F1C10001E4681 /* UIImageView+WebCache.m */; };
		9B7783C01B7F1C10001E4681 /* UIView+WebCacheOperation.m in Sources */ = {isa = PBXBuildFile; fileRef = 9B7783B01B7F1C10001E4681 /* UIView+WebCacheOperation.m */; };
		9B7783C31B7F2CBA001E4681 /* MTCenterLineLabel.m in Sources */ = {isa = PBXBuildFile; fileRef = 9B7783C21B7F2CBA001E4681 /* MTCenterLineLabel.m */; };
		9B7783D51B7F5942001E4681 /* MJRefresh.bundle in Resources */ = {isa = PBXBuildFile; fileRef = 9B7783C51B7F5942001E4681 /* MJRefresh.bundle */; };
		9B7783D61B7F5942001E4681 /* MJRefreshBaseView.m in Sources */ = {isa = PBXBuildFile; fileRef = 9B7783C81B7F5942001E4681 /* MJRefreshBaseView.m */; };
		9B7783D71B7F5942001E4681 /* MJRefreshConst.m in Sources */ = {isa = PBXBuildFile; fileRef = 9B7783CA1B7F5942001E4681 /* MJRefreshConst.m */; };
		9B7783D81B7F5942001E4681 /* MJRefreshFooterView.m in Sources */ = {isa = PBXBuildFile; fileRef = 9B7783CC1B7F5942001E4681 /* MJRefreshFooterView.m */; };
		9B7783D91B7F5942001E4681 /* MJRefreshHeaderView.m in Sources */ = {isa = PBXBuildFile; fileRef = 9B7783CE1B7F5942001E4681 /* MJRefreshHeaderView.m */; };
		9B7783DA1B7F5942001E4681 /* UIScrollView+MJExtension.m in Sources */ = {isa = PBXBuildFile; fileRef = 9B7783D01B7F5942001E4681 /* UIScrollView+MJExtension.m */; };
		9B7783DB1B7F5942001E4681 /* UIScrollView+MJRefresh.m in Sources */ = {isa = PBXBuildFile; fileRef = 9B7783D21B7F5942001E4681 /* UIScrollView+MJRefresh.m */; };
		9B7783DC1B7F5942001E4681 /* UIView+MJExtension.m in Sources */ = {isa = PBXBuildFile; fileRef = 9B7783D41B7F5942001E4681 /* UIView+MJExtension.m */; };
		9B7783E31B7F6DF7001E4681 /* MBProgressHUD+MJ.m in Sources */ = {isa = PBXBuildFile; fileRef = 9B7783DF1B7F6DF7001E4681 /* MBProgressHUD+MJ.m */; };
		9B7783E41B7F6DF7001E4681 /* MBProgressHUD.bundle in Resources */ = {isa = PBXBuildFile; fileRef = 9B7783E01B7F6DF7001E4681 /* MBProgressHUD.bundle */; };
		9B7783E51B7F6DF7001E4681 /* MBProgressHUD.m in Sources */ = {isa = PBXBuildFile; fileRef = 9B7783E21B7F6DF7001E4681 /* MBProgressHUD.m */; };
		9B7783EA1B7F9D27001E4681 /* MTSearchViewController.m in Sources */ = {isa = PBXBuildFile; fileRef = 9B7783E91B7F9D27001E4681 /* MTSearchViewController.m */; };
		9B7FB2DD1B710256002F2D29 /* MTMetalTool.m in Sources */ = {isa = PBXBuildFile; fileRef = 9B7FB2DC1B710256002F2D29 /* MTMetalTool.m */; };
		9B80BD9C1B75CB3A007B0FA0 /* MTSort.m in Sources */ = {isa = PBXBuildFile; fileRef = 9B80BD9B1B75CB3A007B0FA0 /* MTSort.m */; };
		9B80BD9F1B75CBA9007B0FA0 /* MTSortViewController.m in Sources */ = {isa = PBXBuildFile; fileRef = 9B80BD9E1B75CBA9007B0FA0 /* MTSortViewController.m */; };
		9B80BDA61B75FF23007B0FA0 /* DPAPI.m in Sources */ = {isa = PBXBuildFile; fileRef = 9B80BDA21B75FF23007B0FA0 /* DPAPI.m */; };
		9B80BDA71B75FF23007B0FA0 /* DPRequest.m in Sources */ = {isa = PBXBuildFile; fileRef = 9B80BDA51B75FF23007B0FA0 /* DPRequest.m */; };
		9B80BDA91B76036C007B0FA0 /* Foundation+Log.m in Sources */ = {isa = PBXBuildFile; fileRef = 9B80BDA81B76036C007B0FA0 /* Foundation+Log.m */; };
		9B87344F1B777F42006DB285 /* MTDeal.m in Sources */ = {isa = PBXBuildFile; fileRef = 9B87344E1B777F42006DB285 /* MTDeal.m */; };
		9B8734531B77B3AE006DB285 /* MTDealCell.m in Sources */ = {isa = PBXBuildFile; fileRef = 9B8734511B77B3AE006DB285 /* MTDealCell.m */; };
		9B8734541B77B3AE006DB285 /* MTDealCell.xib in Resources */ = {isa = PBXBuildFile; fileRef = 9B8734521B77B3AE006DB285 /* MTDealCell.xib */; };
		9BDE218A1B5A999000CEA6F8 /* MTHomeViewController.m in Sources */ = {isa = PBXBuildFile; fileRef = 9BDE21741B5A999000CEA6F8 /* MTHomeViewController.m */; };
		9BDE218B1B5A999000CEA6F8 /* MTHomeLeftTopMenu.m in Sources */ = {isa = PBXBuildFile; fileRef = 9BDE21781B5A999000CEA6F8 /* MTHomeLeftTopMenu.m */; };
		9BDE218C1B5A999000CEA6F8 /* MTHomeLeftTopMenu.xib in Resources */ = {isa = PBXBuildFile; fileRef = 9BDE21791B5A999000CEA6F8 /* MTHomeLeftTopMenu.xib */; };
		9BDE218D1B5A999000CEA6F8 /* UIBarButtonItem+Extension.m in Sources */ = {isa = PBXBuildFile; fileRef = 9BDE217D1B5A999000CEA6F8 /* UIBarButtonItem+Extension.m */; };
		9BDE218E1B5A999000CEA6F8 /* UIView+Extension.m in Sources */ = {isa = PBXBuildFile; fileRef = 9BDE217F1B5A999000CEA6F8 /* UIView+Extension.m */; };
		9BDE218F1B5A999000CEA6F8 /* MTNavigationController.m in Sources */ = {isa = PBXBuildFile; fileRef = 9BDE21821B5A999000CEA6F8 /* MTNavigationController.m */; };
		9BDE21901B5A999000CEA6F8 /* AppDelegate.m in Sources */ = {isa = PBXBuildFile; fileRef = 9BDE21861B5A999000CEA6F8 /* AppDelegate.m */; };
		9BDE21911B5A999000CEA6F8 /* main.m in Sources */ = {isa = PBXBuildFile; fileRef = 9BDE21871B5A999000CEA6F8 /* main.m */; };
		9BDE21921B5A999000CEA6F8 /* MTConst.m in Sources */ = {isa = PBXBuildFile; fileRef = 9BDE21891B5A999000CEA6F8 /* MTConst.m */; };
		9BDE21951B5A9A7F00CEA6F8 /* MTHomeDropdown.m in Sources */ = {isa = PBXBuildFile; fileRef = 9BDE21941B5A9A7F00CEA6F8 /* MTHomeDropdown.m */; };
		9BDE21971B5A9ABC00CEA6F8 /* MTHomeDropdown.xib in Resources */ = {isa = PBXBuildFile; fileRef = 9BDE21961B5A9ABC00CEA6F8 /* MTHomeDropdown.xib */; };
		9BDE219A1B5AA14D00CEA6F8 /* MTCategoryViewController.m in Sources */ = {isa = PBXBuildFile; fileRef = 9BDE21991B5AA14D00CEA6F8 /* MTCategoryViewController.m */; };
		9BDE21A01B5AA44C00CEA6F8 /* categories.plist in Resources */ = {isa = PBXBuildFile; fileRef = 9BDE219C1B5AA44C00CEA6F8 /* categories.plist */; };
		9BDE21A11B5AA44C00CEA6F8 /* cities.plist in Resources */ = {isa = PBXBuildFile; fileRef = 9BDE219D1B5AA44C00CEA6F8 /* cities.plist */; };
		9BDE21A21B5AA44C00CEA6F8 /* cityGroups.plist in Resources */ = {isa = PBXBuildFile; fileRef = 9BDE219E1B5AA44C00CEA6F8 /* cityGroups.plist */; };
		9BDE21A31B5AA44C00CEA6F8 /* sorts.plist in Resources */ = {isa = PBXBuildFile; fileRef = 9BDE219F1B5AA44C00CEA6F8 /* sorts.plist */; };
		9BDE21A61B5AA48700CEA6F8 /* MTCategory.m in Sources */ = {isa = PBXBuildFile; fileRef = 9BDE21A51B5AA48700CEA6F8 /* MTCategory.m */; };
		9BDE21D71B5AA56500CEA6F8 /* MASCompositeConstraint.m in Sources */ = {isa = PBXBuildFile; fileRef = 9BDE21A91B5AA56500CEA6F8 /* MASCompositeConstraint.m */; };
		9BDE21D81B5AA56500CEA6F8 /* MASConstraint.m in Sources */ = {isa = PBXBuildFile; fileRef = 9BDE21AC1B5AA56500CEA6F8 /* MASConstraint.m */; };
		9BDE21D91B5AA56500CEA6F8 /* MASConstraintMaker.m in Sources */ = {isa = PBXBuildFile; fileRef = 9BDE21AE1B5AA56500CEA6F8 /* MASConstraintMaker.m */; };
		9BDE21DA1B5AA56500CEA6F8 /* MASLayoutConstraint.m in Sources */ = {isa = PBXBuildFile; fileRef = 9BDE21B01B5AA56500CEA6F8 /* MASLayoutConstraint.m */; };
		9BDE21DB1B5AA56500CEA6F8 /* MASViewAttribute.m in Sources */ = {isa = PBXBuildFile; fileRef = 9BDE21B41B5AA56500CEA6F8 /* MASViewAttribute.m */; };
		9BDE21DC1B5AA56500CEA6F8 /* MASViewConstraint.m in Sources */ = {isa = PBXBuildFile; fileRef = 9BDE21B61B5AA56500CEA6F8 /* MASViewConstraint.m */; };
		9BDE21DD1B5AA56500CEA6F8 /* NSArray+MASAdditions.m in Sources */ = {isa = PBXBuildFile; fileRef = 9BDE21B81B5AA56500CEA6F8 /* NSArray+MASAdditions.m */; };
		9BDE21DE1B5AA56500CEA6F8 /* NSLayoutConstraint+MASDebugAdditions.m in Sources */ = {isa = PBXBuildFile; fileRef = 9BDE21BB1B5AA56500CEA6F8 /* NSLayoutConstraint+MASDebugAdditions.m */; };
		9BDE21DF1B5AA56500CEA6F8 /* View+MASAdditions.m in Sources */ = {isa = PBXBuildFile; fileRef = 9BDE21BD1B5AA56500CEA6F8 /* View+MASAdditions.m */; };
		9BDE21E01B5AA56500CEA6F8 /* MJArgument.m in Sources */ = {isa = PBXBuildFile; fileRef = 9BDE21C11B5AA56500CEA6F8 /* MJArgument.m */; };
		9BDE21E11B5AA56500CEA6F8 /* MJConst.m in Sources */ = {isa = PBXBuildFile; fileRef = 9BDE21C31B5AA56500CEA6F8 /* MJConst.m */; };
		9BDE21E21B5AA56500CEA6F8 /* MJFoundation.m in Sources */ = {isa = PBXBuildFile; fileRef = 9BDE21C61B5AA56500CEA6F8 /* MJFoundation.m */; };
		9BDE21E31B5AA56500CEA6F8 /* MJIvar.m in Sources */ = {isa = PBXBuildFile; fileRef = 9BDE21C81B5AA56500CEA6F8 /* MJIvar.m */; };
		9BDE21E41B5AA56500CEA6F8 /* MJMember.m in Sources */ = {isa = PBXBuildFile; fileRef = 9BDE21CA1B5AA56500CEA6F8 /* MJMember.m */; };
		9BDE21E51B5AA56500CEA6F8 /* MJMethod.m in Sources */ = {isa = PBXBuildFile; fileRef = 9BDE21CC1B5AA56500CEA6F8 /* MJMethod.m */; };
		9BDE21E61B5AA56500CEA6F8 /* MJType.m in Sources */ = {isa = PBXBuildFile; fileRef = 9BDE21CE1B5AA56500CEA6F8 /* MJType.m */; };
		9BDE21E71B5AA56500CEA6F8 /* MJTypeEncoding.m in Sources */ = {isa = PBXBuildFile; fileRef = 9BDE21D01B5AA56500CEA6F8 /* MJTypeEncoding.m */; };
		9BDE21E81B5AA56500CEA6F8 /* NSObject+MJCoding.m in Sources */ = {isa = PBXBuildFile; fileRef = 9BDE21D21B5AA56500CEA6F8 /* NSObject+MJCoding.m */; };
		9BDE21E91B5AA56500CEA6F8 /* NSObject+MJKeyValue.m in Sources */ = {isa = PBXBuildFile; fileRef = 9BDE21D41B5AA56500CEA6F8 /* NSObject+MJKeyValue.m */; };
		9BDE21EA1B5AA56500CEA6F8 /* NSObject+MJMember.m in Sources */ = {isa = PBXBuildFile; fileRef = 9BDE21D61B5AA56500CEA6F8 /* NSObject+MJMember.m */; };
		9BE5ACFD1B6341D3008AEFAB /* MTCitySearchResultViewController.m in Sources */ = {isa = PBXBuildFile; fileRef = 9BE5ACFC1B6341D3008AEFAB /* MTCitySearchResultViewController.m */; };
		9BE5AD001B634544008AEFAB /* UIView+AutoLayout.m in Sources */ = {isa = PBXBuildFile; fileRef = 9BE5ACFF1B634544008AEFAB /* UIView+AutoLayout.m */; };
/* End PBXBuildFile section */

/* Begin PBXContainerItemProxy section */
		9B71DA5B1B59170B007AD280 /* PBXContainerItemProxy */ = {
			isa = PBXContainerItemProxy;
			containerPortal = 9B71DA391B59170B007AD280 /* Project object */;
			proxyType = 1;
			remoteGlobalIDString = 9B71DA401B59170B007AD280;
			remoteInfo = MeiTuan_HD;
		};
/* End PBXContainerItemProxy section */

/* Begin PBXFileReference section */
		9B274B7B1B5BBADD008D4394 /* MTCity.h */ = {isa = PBXFileReference; fileEncoding = 4; lastKnownFileType = sourcecode.c.h; path = MTCity.h; sourceTree = "<group>"; };
		9B274B7C1B5BBADD008D4394 /* MTCity.m */ = {isa = PBXFileReference; fileEncoding = 4; lastKnownFileType = sourcecode.c.objc; path = MTCity.m; sourceTree = "<group>"; };
		9B274B7E1B5BBB8E008D4394 /* MTRegion.h */ = {isa = PBXFileReference; fileEncoding = 4; lastKnownFileType = sourcecode.c.h; path = MTRegion.h; sourceTree = "<group>"; };
		9B274B7F1B5BBB8E008D4394 /* MTRegion.m */ = {isa = PBXFileReference; fileEncoding = 4; lastKnownFileType = sourcecode.c.objc; path = MTRegion.m; sourceTree = "<group>"; };
		9B274B811B5BBF0B008D4394 /* MTCityGroup.h */ = {isa = PBXFileReference; fileEncoding = 4; lastKnownFileType = sourcecode.c.h; path = MTCityGroup.h; sourceTree = "<group>"; };
		9B274B821B5BBF0B008D4394 /* MTCityGroup.m */ = {isa = PBXFileReference; fileEncoding = 4; lastKnownFileType = sourcecode.c.objc; path = MTCityGroup.m; sourceTree = "<group>"; };
		9B6AE5121B5BA50800F9286C /* MTHomeDropdownMainCell.h */ = {isa = PBXFileReference; fileEncoding = 4; lastKnownFileType = sourcecode.c.h; path = MTHomeDropdownMainCell.h; sourceTree = "<group>"; };
		9B6AE5131B5BA50800F9286C /* MTHomeDropdownMainCell.m */ = {isa = PBXFileReference; fileEncoding = 4; lastKnownFileType = sourcecode.c.objc; path = MTHomeDropdownMainCell.m; sourceTree = "<group>"; };
		9B6AE5151B5BA52200F9286C /* MTHomeDropdownSubCell.h */ = {isa = PBXFileReference; fileEncoding = 4; lastKnownFileType = sourcecode.c.h; path = MTHomeDropdownSubCell.h; sourceTree = "<group>"; };
		9B6AE5161B5BA52200F9286C /* MTHomeDropdownSubCell.m */ = {isa = PBXFileReference; fileEncoding = 4; lastKnownFileType = sourcecode.c.objc; path = MTHomeDropdownSubCell.m; sourceTree = "<group>"; };
		9B6AE51D1B5BAC1700F9286C /* MTRegionViewController.h */ = {isa = PBXFileReference; fileEncoding = 4; lastKnownFileType = sourcecode.c.h; path = MTRegionViewController.h; sourceTree = "<group>"; };
		9B6AE51E1B5BAC1700F9286C /* MTRegionViewController.m */ = {isa = PBXFileReference; fileEncoding = 4; lastKnownFileType = sourcecode.c.objc; path = MTRegionViewController.m; sourceTree = "<group>"; };
		9B6AE51F1B5BAC1700F9286C /* MTRegionViewController.xib */ = {isa = PBXFileReference; fileEncoding = 4; lastKnownFileType = file.xib; path = MTRegionViewController.xib; sourceTree = "<group>"; };
		9B6AE5221B5BB36B00F9286C /* MTCityViewController.h */ = {isa = PBXFileReference; fileEncoding = 4; lastKnownFileType = sourcecode.c.h; path = MTCityViewController.h; sourceTree = "<group>"; };
		9B6AE5231B5BB36B00F9286C /* MTCityViewController.m */ = {isa = PBXFileReference; fileEncoding = 4; lastKnownFileType = sourcecode.c.objc; path = MTCityViewController.m; sourceTree = "<group>"; };
		9B6AE5241B5BB36B00F9286C /* MTCityViewController.xib */ = {isa = PBXFileReference; fileEncoding = 4; lastKnownFileType = file.xib; path = MTCityViewController.xib; sourceTree = "<group>"; };
		9B71DA411B59170B007AD280 /* MeiTuan_HD.app */ = {isa = PBXFileReference; explicitFileType = wrapper.application; includeInIndex = 0; path = MeiTuan_HD.app; sourceTree = BUILT_PRODUCTS_DIR; };
		9B71DA451B59170B007AD280 /* Info.plist */ = {isa = PBXFileReference; lastKnownFileType = text.plist.xml; path = Info.plist; sourceTree = "<group>"; };
		9B71DA511B59170B007AD280 /* Images.xcassets */ = {isa = PBXFileReference; lastKnownFileType = folder.assetcatalog; path = Images.xcassets; sourceTree = "<group>"; };
		9B71DA5A1B59170B007AD280 /* MeiTuan_HDTests.xctest */ = {isa = PBXFileReference; explicitFileType = wrapper.cfbundle; includeInIndex = 0; path = MeiTuan_HDTests.xctest; sourceTree = BUILT_PRODUCTS_DIR; };
		9B71DA5F1B59170B007AD280 /* Info.plist */ = {isa = PBXFileReference; lastKnownFileType = text.plist.xml; path = Info.plist; sourceTree = "<group>"; };
		9B71DA601B59170B007AD280 /* MeiTuan_HDTests.m */ = {isa = PBXFileReference; lastKnownFileType = sourcecode.c.objc; path = MeiTuan_HDTests.m; sourceTree = "<group>"; };
		9B7783901B7F1C10001E4681 /* MKAnnotationView+WebCache.h */ = {isa = PBXFileReference; fileEncoding = 4; lastKnownFileType = sourcecode.c.h; path = "MKAnnotationView+WebCache.h"; sourceTree = "<group>"; };
		9B7783911B7F1C10001E4681 /* MKAnnotationView+WebCache.m */ = {isa = PBXFileReference; fileEncoding = 4; lastKnownFileType = sourcecode.c.objc; path = "MKAnnotationView+WebCache.m"; sourceTree = "<group>"; };
		9B7783921B7F1C10001E4681 /* NSData+ImageContentType.h */ = {isa = PBXFileReference; fileEncoding = 4; lastKnownFileType = sourcecode.c.h; path = "NSData+ImageContentType.h"; sourceTree = "<group>"; };
		9B7783931B7F1C10001E4681 /* NSData+ImageContentType.m */ = {isa = PBXFileReference; fileEncoding = 4; lastKnownFileType = sourcecode.c.objc; path = "NSData+ImageContentType.m"; sourceTree = "<group>"; };
		9B7783941B7F1C10001E4681 /* SDImageCache.h */ = {isa = PBXFileReference; fileEncoding = 4; lastKnownFileType = sourcecode.c.h; path = SDImageCache.h; sourceTree = "<group>"; };
		9B7783951B7F1C10001E4681 /* SDImageCache.m */ = {isa = PBXFileReference; fileEncoding = 4; lastKnownFileType = sourcecode.c.objc; path = SDImageCache.m; sourceTree = "<group>"; };
		9B7783961B7F1C10001E4681 /* SDWebImageCompat.h */ = {isa = PBXFileReference; fileEncoding = 4; lastKnownFileType = sourcecode.c.h; path = SDWebImageCompat.h; sourceTree = "<group>"; };
		9B7783971B7F1C10001E4681 /* SDWebImageCompat.m */ = {isa = PBXFileReference; fileEncoding = 4; lastKnownFileType = sourcecode.c.objc; path = SDWebImageCompat.m; sourceTree = "<group>"; };
		9B7783981B7F1C10001E4681 /* SDWebImageDecoder.h */ = {isa = PBXFileReference; fileEncoding = 4; lastKnownFileType = sourcecode.c.h; path = SDWebImageDecoder.h; sourceTree = "<group>"; };
		9B7783991B7F1C10001E4681 /* SDWebImageDecoder.m */ = {isa = PBXFileReference; fileEncoding = 4; lastKnownFileType = sourcecode.c.objc; path = SDWebImageDecoder.m; sourceTree = "<group>"; };
		9B77839A1B7F1C10001E4681 /* SDWebImageDownloader.h */ = {isa = PBXFileReference; fileEncoding = 4; lastKnownFileType = sourcecode.c.h; path = SDWebImageDownloader.h; sourceTree = "<group>"; };
		9B77839B1B7F1C10001E4681 /* SDWebImageDownloader.m */ = {isa = PBXFileReference; fileEncoding = 4; lastKnownFileType = sourcecode.c.objc; path = SDWebImageDownloader.m; sourceTree = "<group>"; };
		9B77839C1B7F1C10001E4681 /* SDWebImageDownloaderOperation.h */ = {isa = PBXFileReference; fileEncoding = 4; lastKnownFileType = sourcecode.c.h; path = SDWebImageDownloaderOperation.h; sourceTree = "<group>"; };
		9B77839D1B7F1C10001E4681 /* SDWebImageDownloaderOperation.m */ = {isa = PBXFileReference; fileEncoding = 4; lastKnownFileType = sourcecode.c.objc; path = SDWebImageDownloaderOperation.m; sourceTree = "<group>"; };
		9B77839E1B7F1C10001E4681 /* SDWebImageManager.h */ = {isa = PBXFileReference; fileEncoding = 4; lastKnownFileType = sourcecode.c.h; path = SDWebImageManager.h; sourceTree = "<group>"; };
		9B77839F1B7F1C10001E4681 /* SDWebImageManager.m */ = {isa = PBXFileReference; fileEncoding = 4; lastKnownFileType = sourcecode.c.objc; path = SDWebImageManager.m; sourceTree = "<group>"; };
		9B7783A01B7F1C10001E4681 /* SDWebImageOperation.h */ = {isa = PBXFileReference; fileEncoding = 4; lastKnownFileType = sourcecode.c.h; path = SDWebImageOperation.h; sourceTree = "<group>"; };
		9B7783A11B7F1C10001E4681 /* SDWebImagePrefetcher.h */ = {isa = PBXFileReference; fileEncoding = 4; lastKnownFileType = sourcecode.c.h; path = SDWebImagePrefetcher.h; sourceTree = "<group>"; };
		9B7783A21B7F1C10001E4681 /* SDWebImagePrefetcher.m */ = {isa = PBXFileReference; fileEncoding = 4; lastKnownFileType = sourcecode.c.objc; path = SDWebImagePrefetcher.m; sourceTree = "<group>"; };
		9B7783A31B7F1C10001E4681 /* UIButton+WebCache.h */ = {isa = PBXFileReference; fileEncoding = 4; lastKnownFileType = sourcecode.c.h; path = "UIButton+WebCache.h"; sourceTree = "<group>"; };
		9B7783A41B7F1C10001E4681 /* UIButton+WebCache.m */ = {isa = PBXFileReference; fileEncoding = 4; lastKnownFileType = sourcecode.c.objc; path = "UIButton+WebCache.m"; sourceTree = "<group>"; };
		9B7783A51B7F1C10001E4681 /* UIImage+GIF.h */ = {isa = PBXFileReference; fileEncoding = 4; lastKnownFileType = sourcecode.c.h; path = "UIImage+GIF.h"; sourceTree = "<group>"; };
		9B7783A61B7F1C10001E4681 /* UIImage+GIF.m */ = {isa = PBXFileReference; fileEncoding = 4; lastKnownFileType = sourcecode.c.objc; path = "UIImage+GIF.m"; sourceTree = "<group>"; };
		9B7783A71B7F1C10001E4681 /* UIImage+MultiFormat.h */ = {isa = PBXFileReference; fileEncoding = 4; lastKnownFileType = sourcecode.c.h; path = "UIImage+MultiFormat.h"; sourceTree = "<group>"; };
		9B7783A81B7F1C10001E4681 /* UIImage+MultiFormat.m */ = {isa = PBXFileReference; fileEncoding = 4; lastKnownFileType = sourcecode.c.objc; path = "UIImage+MultiFormat.m"; sourceTree = "<group>"; };
		9B7783A91B7F1C10001E4681 /* UIImage+WebP.h */ = {isa = PBXFileReference; fileEncoding = 4; lastKnownFileType = sourcecode.c.h; path = "UIImage+WebP.h"; sourceTree = "<group>"; };
		9B7783AA1B7F1C10001E4681 /* UIImage+WebP.m */ = {isa = PBXFileReference; fileEncoding = 4; lastKnownFileType = sourcecode.c.objc; path = "UIImage+WebP.m"; sourceTree = "<group>"; };
		9B7783AB1B7F1C10001E4681 /* UIImageView+HighlightedWebCache.h */ = {isa = PBXFileReference; fileEncoding = 4; lastKnownFileType = sourcecode.c.h; path = "UIImageView+HighlightedWebCache.h"; sourceTree = "<group>"; };
		9B7783AC1B7F1C10001E4681 /* UIImageView+HighlightedWebCache.m */ = {isa = PBXFileReference; fileEncoding = 4; lastKnownFileType = sourcecode.c.objc; path = "UIImageView+HighlightedWebCache.m"; sourceTree = "<group>"; };
		9B7783AD1B7F1C10001E4681 /* UIImageView+WebCache.h */ = {isa = PBXFileReference; fileEncoding = 4; lastKnownFileType = sourcecode.c.h; path = "UIImageView+WebCache.h"; sourceTree = "<group>"; };
		9B7783AE1B7F1C10001E4681 /* UIImageView+WebCache.m */ = {isa = PBXFileReference; fileEncoding = 4; lastKnownFileType = sourcecode.c.objc; path = "UIImageView+WebCache.m"; sourceTree = "<group>"; };
		9B7783AF1B7F1C10001E4681 /* UIView+WebCacheOperation.h */ = {isa = PBXFileReference; fileEncoding = 4; lastKnownFileType = sourcecode.c.h; path = "UIView+WebCacheOperation.h"; sourceTree = "<group>"; };
		9B7783B01B7F1C10001E4681 /* UIView+WebCacheOperation.m */ = {isa = PBXFileReference; fileEncoding = 4; lastKnownFileType = sourcecode.c.objc; path = "UIView+WebCacheOperation.m"; sourceTree = "<group>"; };
		9B7783C11B7F2CBA001E4681 /* MTCenterLineLabel.h */ = {isa = PBXFileReference; fileEncoding = 4; lastKnownFileType = sourcecode.c.h; path = MTCenterLineLabel.h; sourceTree = "<group>"; };
		9B7783C21B7F2CBA001E4681 /* MTCenterLineLabel.m */ = {isa = PBXFileReference; fileEncoding = 4; lastKnownFileType = sourcecode.c.objc; path = MTCenterLineLabel.m; sourceTree = "<group>"; };
		9B7783C51B7F5942001E4681 /* MJRefresh.bundle */ = {isa = PBXFileReference; lastKnownFileType = "wrapper.plug-in"; path = MJRefresh.bundle; sourceTree = "<group>"; };
		9B7783C61B7F5942001E4681 /* MJRefresh.h */ = {isa = PBXFileReference; fileEncoding = 4; lastKnownFileType = sourcecode.c.h; path = MJRefresh.h; sourceTree = "<group>"; };
		9B7783C71B7F5942001E4681 /* MJRefreshBaseView.h */ = {isa = PBXFileReference; fileEncoding = 4; lastKnownFileType = sourcecode.c.h; path = MJRefreshBaseView.h; sourceTree = "<group>"; };
		9B7783C81B7F5942001E4681 /* MJRefreshBaseView.m */ = {isa = PBXFileReference; fileEncoding = 4; lastKnownFileType = sourcecode.c.objc; path = MJRefreshBaseView.m; sourceTree = "<group>"; };
		9B7783C91B7F5942001E4681 /* MJRefreshConst.h */ = {isa = PBXFileReference; fileEncoding = 4; lastKnownFileType = sourcecode.c.h; path = MJRefreshConst.h; sourceTree = "<group>"; };
		9B7783CA1B7F5942001E4681 /* MJRefreshConst.m */ = {isa = PBXFileReference; fileEncoding = 4; lastKnownFileType = sourcecode.c.objc; path = MJRefreshConst.m; sourceTree = "<group>"; };
		9B7783CB1B7F5942001E4681 /* MJRefreshFooterView.h */ = {isa = PBXFileReference; fileEncoding = 4; lastKnownFileType = sourcecode.c.h; path = MJRefreshFooterView.h; sourceTree = "<group>"; };
		9B7783CC1B7F5942001E4681 /* MJRefreshFooterView.m */ = {isa = PBXFileReference; fileEncoding = 4; lastKnownFileType = sourcecode.c.objc; path = MJRefreshFooterView.m; sourceTree = "<group>"; };
		9B7783CD1B7F5942001E4681 /* MJRefreshHeaderView.h */ = {isa = PBXFileReference; fileEncoding = 4; lastKnownFileType = sourcecode.c.h; path = MJRefreshHeaderView.h; sourceTree = "<group>"; };
		9B7783CE1B7F5942001E4681 /* MJRefreshHeaderView.m */ = {isa = PBXFileReference; fileEncoding = 4; lastKnownFileType = sourcecode.c.objc; path = MJRefreshHeaderView.m; sourceTree = "<group>"; };
		9B7783CF1B7F5942001E4681 /* UIScrollView+MJExtension.h */ = {isa = PBXFileReference; fileEncoding = 4; lastKnownFileType = sourcecode.c.h; path = "UIScrollView+MJExtension.h"; sourceTree = "<group>"; };
		9B7783D01B7F5942001E4681 /* UIScrollView+MJExtension.m */ = {isa = PBXFileReference; fileEncoding = 4; lastKnownFileType = sourcecode.c.objc; path = "UIScrollView+MJExtension.m"; sourceTree = "<group>"; };
		9B7783D11B7F5942001E4681 /* UIScrollView+MJRefresh.h */ = {isa = PBXFileReference; fileEncoding = 4; lastKnownFileType = sourcecode.c.h; path = "UIScrollView+MJRefresh.h"; sourceTree = "<group>"; };
		9B7783D21B7F5942001E4681 /* UIScrollView+MJRefresh.m */ = {isa = PBXFileReference; fileEncoding = 4; lastKnownFileType = sourcecode.c.objc; path = "UIScrollView+MJRefresh.m"; sourceTree = "<group>"; };
		9B7783D31B7F5942001E4681 /* UIView+MJExtension.h */ = {isa = PBXFileReference; fileEncoding = 4; lastKnownFileType = sourcecode.c.h; path = "UIView+MJExtension.h"; sourceTree = "<group>"; };
		9B7783D41B7F5942001E4681 /* UIView+MJExtension.m */ = {isa = PBXFileReference; fileEncoding = 4; lastKnownFileType = sourcecode.c.objc; path = "UIView+MJExtension.m"; sourceTree = "<group>"; };
		9B7783DE1B7F6DF7001E4681 /* MBProgressHUD+MJ.h */ = {isa = PBXFileReference; fileEncoding = 4; lastKnownFileType = sourcecode.c.h; path = "MBProgressHUD+MJ.h"; sourceTree = "<group>"; };
		9B7783DF1B7F6DF7001E4681 /* MBProgressHUD+MJ.m */ = {isa = PBXFileReference; fileEncoding = 4; lastKnownFileType = sourcecode.c.objc; path = "MBProgressHUD+MJ.m"; sourceTree = "<group>"; };
		9B7783E01B7F6DF7001E4681 /* MBProgressHUD.bundle */ = {isa = PBXFileReference; lastKnownFileType = "wrapper.plug-in"; path = MBProgressHUD.bundle; sourceTree = "<group>"; };
		9B7783E11B7F6DF7001E4681 /* MBProgressHUD.h */ = {isa = PBXFileReference; fileEncoding = 4; lastKnownFileType = sourcecode.c.h; path = MBProgressHUD.h; sourceTree = "<group>"; };
		9B7783E21B7F6DF7001E4681 /* MBProgressHUD.m */ = {isa = PBXFileReference; fileEncoding = 4; lastKnownFileType = sourcecode.c.objc; path = MBProgressHUD.m; sourceTree = "<group>"; };
		9B7783E81B7F9D27001E4681 /* MTSearchViewController.h */ = {isa = PBXFileReference; fileEncoding = 4; lastKnownFileType = sourcecode.c.h; path = MTSearchViewController.h; sourceTree = "<group>"; };
		9B7783E91B7F9D27001E4681 /* MTSearchViewController.m */ = {isa = PBXFileReference; fileEncoding = 4; lastKnownFileType = sourcecode.c.objc; path = MTSearchViewController.m; sourceTree = "<group>"; };
		9B7FB2DB1B710256002F2D29 /* MTMetalTool.h */ = {isa = PBXFileReference; fileEncoding = 4; lastKnownFileType = sourcecode.c.h; path = MTMetalTool.h; sourceTree = "<group>"; };
		9B7FB2DC1B710256002F2D29 /* MTMetalTool.m */ = {isa = PBXFileReference; fileEncoding = 4; lastKnownFileType = sourcecode.c.objc; path = MTMetalTool.m; sourceTree = "<group>"; };
		9B80BD9A1B75CB3A007B0FA0 /* MTSort.h */ = {isa = PBXFileReference; fileEncoding = 4; lastKnownFileType = sourcecode.c.h; path = MTSort.h; sourceTree = "<group>"; };
		9B80BD9B1B75CB3A007B0FA0 /* MTSort.m */ = {isa = PBXFileReference; fileEncoding = 4; lastKnownFileType = sourcecode.c.objc; path = MTSort.m; sourceTree = "<group>"; };
		9B80BD9D1B75CBA9007B0FA0 /* MTSortViewController.h */ = {isa = PBXFileReference; fileEncoding = 4; lastKnownFileType = sourcecode.c.h; path = MTSortViewController.h; sourceTree = "<group>"; };
		9B80BD9E1B75CBA9007B0FA0 /* MTSortViewController.m */ = {isa = PBXFileReference; fileEncoding = 4; lastKnownFileType = sourcecode.c.objc; path = MTSortViewController.m; sourceTree = "<group>"; };
		9B80BDA11B75FF23007B0FA0 /* DPAPI.h */ = {isa = PBXFileReference; fileEncoding = 4; lastKnownFileType = sourcecode.c.h; path = DPAPI.h; sourceTree = "<group>"; };
		9B80BDA21B75FF23007B0FA0 /* DPAPI.m */ = {isa = PBXFileReference; fileEncoding = 4; lastKnownFileType = sourcecode.c.objc; path = DPAPI.m; sourceTree = "<group>"; };
		9B80BDA31B75FF23007B0FA0 /* DPConstants.h */ = {isa = PBXFileReference; fileEncoding = 4; lastKnownFileType = sourcecode.c.h; path = DPConstants.h; sourceTree = "<group>"; };
		9B80BDA41B75FF23007B0FA0 /* DPRequest.h */ = {isa = PBXFileReference; fileEncoding = 4; lastKnownFileType = sourcecode.c.h; path = DPRequest.h; sourceTree = "<group>"; };
		9B80BDA51B75FF23007B0FA0 /* DPRequest.m */ = {isa = PBXFileReference; fileEncoding = 4; lastKnownFileType = sourcecode.c.objc; path = DPRequest.m; sourceTree = "<group>"; };
		9B80BDA81B76036C007B0FA0 /* Foundation+Log.m */ = {isa = PBXFileReference; fileEncoding = 4; lastKnownFileType = sourcecode.c.objc; path = "Foundation+Log.m"; sourceTree = "<group>"; };
		9B87344D1B777F42006DB285 /* MTDeal.h */ = {isa = PBXFileReference; fileEncoding = 4; lastKnownFileType = sourcecode.c.h; path = MTDeal.h; sourceTree = "<group>"; };
		9B87344E1B777F42006DB285 /* MTDeal.m */ = {isa = PBXFileReference; fileEncoding = 4; lastKnownFileType = sourcecode.c.objc; path = MTDeal.m; sourceTree = "<group>"; };
		9B8734501B77B3AE006DB285 /* MTDealCell.h */ = {isa = PBXFileReference; fileEncoding = 4; lastKnownFileType = sourcecode.c.h; path = MTDealCell.h; sourceTree = "<group>"; };
		9B8734511B77B3AE006DB285 /* MTDealCell.m */ = {isa = PBXFileReference; fileEncoding = 4; lastKnownFileType = sourcecode.c.objc; path = MTDealCell.m; sourceTree = "<group>"; };
		9B8734521B77B3AE006DB285 /* MTDealCell.xib */ = {isa = PBXFileReference; fileEncoding = 4; lastKnownFileType = file.xib; path = MTDealCell.xib; sourceTree = "<group>"; };
		9BDE21731B5A999000CEA6F8 /* MTHomeViewController.h */ = {isa = PBXFileReference; fileEncoding = 4; lastKnownFileType = sourcecode.c.h; path = MTHomeViewController.h; sourceTree = "<group>"; };
		9BDE21741B5A999000CEA6F8 /* MTHomeViewController.m */ = {isa = PBXFileReference; fileEncoding = 4; lastKnownFileType = sourcecode.c.objc; path = MTHomeViewController.m; sourceTree = "<group>"; };
		9BDE21771B5A999000CEA6F8 /* MTHomeLeftTopMenu.h */ = {isa = PBXFileReference; fileEncoding = 4; lastKnownFileType = sourcecode.c.h; path = MTHomeLeftTopMenu.h; sourceTree = "<group>"; };
		9BDE21781B5A999000CEA6F8 /* MTHomeLeftTopMenu.m */ = {isa = PBXFileReference; fileEncoding = 4; lastKnownFileType = sourcecode.c.objc; path = MTHomeLeftTopMenu.m; sourceTree = "<group>"; };
		9BDE21791B5A999000CEA6F8 /* MTHomeLeftTopMenu.xib */ = {isa = PBXFileReference; fileEncoding = 4; lastKnownFileType = file.xib; path = MTHomeLeftTopMenu.xib; sourceTree = "<group>"; };
		9BDE217C1B5A999000CEA6F8 /* UIBarButtonItem+Extension.h */ = {isa = PBXFileReference; fileEncoding = 4; lastKnownFileType = sourcecode.c.h; path = "UIBarButtonItem+Extension.h"; sourceTree = "<group>"; };
		9BDE217D1B5A999000CEA6F8 /* UIBarButtonItem+Extension.m */ = {isa = PBXFileReference; fileEncoding = 4; lastKnownFileType = sourcecode.c.objc; path = "UIBarButtonItem+Extension.m"; sourceTree = "<group>"; };
		9BDE217E1B5A999000CEA6F8 /* UIView+Extension.h */ = {isa = PBXFileReference; fileEncoding = 4; lastKnownFileType = sourcecode.c.h; path = "UIView+Extension.h"; sourceTree = "<group>"; };
		9BDE217F1B5A999000CEA6F8 /* UIView+Extension.m */ = {isa = PBXFileReference; fileEncoding = 4; lastKnownFileType = sourcecode.c.objc; path = "UIView+Extension.m"; sourceTree = "<group>"; };
		9BDE21811B5A999000CEA6F8 /* MTNavigationController.h */ = {isa = PBXFileReference; fileEncoding = 4; lastKnownFileType = sourcecode.c.h; path = MTNavigationController.h; sourceTree = "<group>"; };
		9BDE21821B5A999000CEA6F8 /* MTNavigationController.m */ = {isa = PBXFileReference; fileEncoding = 4; lastKnownFileType = sourcecode.c.objc; path = MTNavigationController.m; sourceTree = "<group>"; };
		9BDE21851B5A999000CEA6F8 /* AppDelegate.h */ = {isa = PBXFileReference; fileEncoding = 4; lastKnownFileType = sourcecode.c.h; path = AppDelegate.h; sourceTree = "<group>"; };
		9BDE21861B5A999000CEA6F8 /* AppDelegate.m */ = {isa = PBXFileReference; fileEncoding = 4; lastKnownFileType = sourcecode.c.objc; path = AppDelegate.m; sourceTree = "<group>"; };
		9BDE21871B5A999000CEA6F8 /* main.m */ = {isa = PBXFileReference; fileEncoding = 4; lastKnownFileType = sourcecode.c.objc; path = main.m; sourceTree = "<group>"; };
		9BDE21881B5A999000CEA6F8 /* MTConst.h */ = {isa = PBXFileReference; fileEncoding = 4; lastKnownFileType = sourcecode.c.h; path = MTConst.h; sourceTree = "<group>"; };
		9BDE21891B5A999000CEA6F8 /* MTConst.m */ = {isa = PBXFileReference; fileEncoding = 4; lastKnownFileType = sourcecode.c.objc; path = MTConst.m; sourceTree = "<group>"; };
		9BDE21931B5A9A7F00CEA6F8 /* MTHomeDropdown.h */ = {isa = PBXFileReference; fileEncoding = 4; lastKnownFileType = sourcecode.c.h; path = MTHomeDropdown.h; sourceTree = "<group>"; };
		9BDE21941B5A9A7F00CEA6F8 /* MTHomeDropdown.m */ = {isa = PBXFileReference; fileEncoding = 4; lastKnownFileType = sourcecode.c.objc; path = MTHomeDropdown.m; sourceTree = "<group>"; };
		9BDE21961B5A9ABC00CEA6F8 /* MTHomeDropdown.xib */ = {isa = PBXFileReference; fileEncoding = 4; lastKnownFileType = file.xib; path = MTHomeDropdown.xib; sourceTree = "<group>"; };
		9BDE21981B5AA14D00CEA6F8 /* MTCategoryViewController.h */ = {isa = PBXFileReference; fileEncoding = 4; lastKnownFileType = sourcecode.c.h; path = MTCategoryViewController.h; sourceTree = "<group>"; };
		9BDE21991B5AA14D00CEA6F8 /* MTCategoryViewController.m */ = {isa = PBXFileReference; fileEncoding = 4; lastKnownFileType = sourcecode.c.objc; path = MTCategoryViewController.m; sourceTree = "<group>"; };
		9BDE219C1B5AA44C00CEA6F8 /* categories.plist */ = {isa = PBXFileReference; fileEncoding = 4; lastKnownFileType = text.plist.xml; path = categories.plist; sourceTree = "<group>"; };
		9BDE219D1B5AA44C00CEA6F8 /* cities.plist */ = {isa = PBXFileReference; fileEncoding = 4; lastKnownFileType = text.plist.xml; path = cities.plist; sourceTree = "<group>"; };
		9BDE219E1B5AA44C00CEA6F8 /* cityGroups.plist */ = {isa = PBXFileReference; fileEncoding = 4; lastKnownFileType = text.plist.xml; path = cityGroups.plist; sourceTree = "<group>"; };
		9BDE219F1B5AA44C00CEA6F8 /* sorts.plist */ = {isa = PBXFileReference; fileEncoding = 4; lastKnownFileType = text.plist.xml; path = sorts.plist; sourceTree = "<group>"; };
		9BDE21A41B5AA48700CEA6F8 /* MTCategory.h */ = {isa = PBXFileReference; fileEncoding = 4; lastKnownFileType = sourcecode.c.h; path = MTCategory.h; sourceTree = "<group>"; };
		9BDE21A51B5AA48700CEA6F8 /* MTCategory.m */ = {isa = PBXFileReference; fileEncoding = 4; lastKnownFileType = sourcecode.c.objc; path = MTCategory.m; sourceTree = "<group>"; };
		9BDE21A81B5AA56500CEA6F8 /* MASCompositeConstraint.h */ = {isa = PBXFileReference; fileEncoding = 4; lastKnownFileType = sourcecode.c.h; path = MASCompositeConstraint.h; sourceTree = "<group>"; };
		9BDE21A91B5AA56500CEA6F8 /* MASCompositeConstraint.m */ = {isa = PBXFileReference; fileEncoding = 4; lastKnownFileType = sourcecode.c.objc; path = MASCompositeConstraint.m; sourceTree = "<group>"; };
		9BDE21AA1B5AA56500CEA6F8 /* MASConstraint+Private.h */ = {isa = PBXFileReference; fileEncoding = 4; lastKnownFileType = sourcecode.c.h; path = "MASConstraint+Private.h"; sourceTree = "<group>"; };
		9BDE21AB1B5AA56500CEA6F8 /* MASConstraint.h */ = {isa = PBXFileReference; fileEncoding = 4; lastKnownFileType = sourcecode.c.h; path = MASConstraint.h; sourceTree = "<group>"; };
		9BDE21AC1B5AA56500CEA6F8 /* MASConstraint.m */ = {isa = PBXFileReference; fileEncoding = 4; lastKnownFileType = sourcecode.c.objc; path = MASConstraint.m; sourceTree = "<group>"; };
		9BDE21AD1B5AA56500CEA6F8 /* MASConstraintMaker.h */ = {isa = PBXFileReference; fileEncoding = 4; lastKnownFileType = sourcecode.c.h; path = MASConstraintMaker.h; sourceTree = "<group>"; };
		9BDE21AE1B5AA56500CEA6F8 /* MASConstraintMaker.m */ = {isa = PBXFileReference; fileEncoding = 4; lastKnownFileType = sourcecode.c.objc; path = MASConstraintMaker.m; sourceTree = "<group>"; };
		9BDE21AF1B5AA56500CEA6F8 /* MASLayoutConstraint.h */ = {isa = PBXFileReference; fileEncoding = 4; lastKnownFileType = sourcecode.c.h; path = MASLayoutConstraint.h; sourceTree = "<group>"; };
		9BDE21B01B5AA56500CEA6F8 /* MASLayoutConstraint.m */ = {isa = PBXFileReference; fileEncoding = 4; lastKnownFileType = sourcecode.c.objc; path = MASLayoutConstraint.m; sourceTree = "<group>"; };
		9BDE21B11B5AA56500CEA6F8 /* Masonry.h */ = {isa = PBXFileReference; fileEncoding = 4; lastKnownFileType = sourcecode.c.h; path = Masonry.h; sourceTree = "<group>"; };
		9BDE21B21B5AA56500CEA6F8 /* MASUtilities.h */ = {isa = PBXFileReference; fileEncoding = 4; lastKnownFileType = sourcecode.c.h; path = MASUtilities.h; sourceTree = "<group>"; };
		9BDE21B31B5AA56500CEA6F8 /* MASViewAttribute.h */ = {isa = PBXFileReference; fileEncoding = 4; lastKnownFileType = sourcecode.c.h; path = MASViewAttribute.h; sourceTree = "<group>"; };
		9BDE21B41B5AA56500CEA6F8 /* MASViewAttribute.m */ = {isa = PBXFileReference; fileEncoding = 4; lastKnownFileType = sourcecode.c.objc; path = MASViewAttribute.m; sourceTree = "<group>"; };
		9BDE21B51B5AA56500CEA6F8 /* MASViewConstraint.h */ = {isa = PBXFileReference; fileEncoding = 4; lastKnownFileType = sourcecode.c.h; path = MASViewConstraint.h; sourceTree = "<group>"; };
		9BDE21B61B5AA56500CEA6F8 /* MASViewConstraint.m */ = {isa = PBXFileReference; fileEncoding = 4; lastKnownFileType = sourcecode.c.objc; path = MASViewConstraint.m; sourceTree = "<group>"; };
		9BDE21B71B5AA56500CEA6F8 /* NSArray+MASAdditions.h */ = {isa = PBXFileReference; fileEncoding = 4; lastKnownFileType = sourcecode.c.h; path = "NSArray+MASAdditions.h"; sourceTree = "<group>"; };
		9BDE21B81B5AA56500CEA6F8 /* NSArray+MASAdditions.m */ = {isa = PBXFileReference; fileEncoding = 4; lastKnownFileType = sourcecode.c.objc; path = "NSArray+MASAdditions.m"; sourceTree = "<group>"; };
		9BDE21B91B5AA56500CEA6F8 /* NSArray+MASShorthandAdditions.h */ = {isa = PBXFileReference; fileEncoding = 4; lastKnownFileType = sourcecode.c.h; path = "NSArray+MASShorthandAdditions.h"; sourceTree = "<group>"; };
		9BDE21BA1B5AA56500CEA6F8 /* NSLayoutConstraint+MASDebugAdditions.h */ = {isa = PBXFileReference; fileEncoding = 4; lastKnownFileType = sourcecode.c.h; path = "NSLayoutConstraint+MASDebugAdditions.h"; sourceTree = "<group>"; };
		9BDE21BB1B5AA56500CEA6F8 /* NSLayoutConstraint+MASDebugAdditions.m */ = {isa = PBXFileReference; fileEncoding = 4; lastKnownFileType = sourcecode.c.objc; path = "NSLayoutConstraint+MASDebugAdditions.m"; sourceTree = "<group>"; };
		9BDE21BC1B5AA56500CEA6F8 /* View+MASAdditions.h */ = {isa = PBXFileReference; fileEncoding = 4; lastKnownFileType = sourcecode.c.h; path = "View+MASAdditions.h"; sourceTree = "<group>"; };
		9BDE21BD1B5AA56500CEA6F8 /* View+MASAdditions.m */ = {isa = PBXFileReference; fileEncoding = 4; lastKnownFileType = sourcecode.c.objc; path = "View+MASAdditions.m"; sourceTree = "<group>"; };
		9BDE21BE1B5AA56500CEA6F8 /* View+MASShorthandAdditions.h */ = {isa = PBXFileReference; fileEncoding = 4; lastKnownFileType = sourcecode.c.h; path = "View+MASShorthandAdditions.h"; sourceTree = "<group>"; };
		9BDE21C01B5AA56500CEA6F8 /* MJArgument.h */ = {isa = PBXFileReference; fileEncoding = 4; lastKnownFileType = sourcecode.c.h; path = MJArgument.h; sourceTree = "<group>"; };
		9BDE21C11B5AA56500CEA6F8 /* MJArgument.m */ = {isa = PBXFileReference; fileEncoding = 4; lastKnownFileType = sourcecode.c.objc; path = MJArgument.m; sourceTree = "<group>"; };
		9BDE21C21B5AA56500CEA6F8 /* MJConst.h */ = {isa = PBXFileReference; fileEncoding = 4; lastKnownFileType = sourcecode.c.h; path = MJConst.h; sourceTree = "<group>"; };
		9BDE21C31B5AA56500CEA6F8 /* MJConst.m */ = {isa = PBXFileReference; fileEncoding = 4; lastKnownFileType = sourcecode.c.objc; path = MJConst.m; sourceTree = "<group>"; };
		9BDE21C41B5AA56500CEA6F8 /* MJExtension.h */ = {isa = PBXFileReference; fileEncoding = 4; lastKnownFileType = sourcecode.c.h; path = MJExtension.h; sourceTree = "<group>"; };
		9BDE21C51B5AA56500CEA6F8 /* MJFoundation.h */ = {isa = PBXFileReference; fileEncoding = 4; lastKnownFileType = sourcecode.c.h; path = MJFoundation.h; sourceTree = "<group>"; };
		9BDE21C61B5AA56500CEA6F8 /* MJFoundation.m */ = {isa = PBXFileReference; fileEncoding = 4; lastKnownFileType = sourcecode.c.objc; path = MJFoundation.m; sourceTree = "<group>"; };
		9BDE21C71B5AA56500CEA6F8 /* MJIvar.h */ = {isa = PBXFileReference; fileEncoding = 4; lastKnownFileType = sourcecode.c.h; path = MJIvar.h; sourceTree = "<group>"; };
		9BDE21C81B5AA56500CEA6F8 /* MJIvar.m */ = {isa = PBXFileReference; fileEncoding = 4; lastKnownFileType = sourcecode.c.objc; path = MJIvar.m; sourceTree = "<group>"; };
		9BDE21C91B5AA56500CEA6F8 /* MJMember.h */ = {isa = PBXFileReference; fileEncoding = 4; lastKnownFileType = sourcecode.c.h; path = MJMember.h; sourceTree = "<group>"; };
		9BDE21CA1B5AA56500CEA6F8 /* MJMember.m */ = {isa = PBXFileReference; fileEncoding = 4; lastKnownFileType = sourcecode.c.objc; path = MJMember.m; sourceTree = "<group>"; };
		9BDE21CB1B5AA56500CEA6F8 /* MJMethod.h */ = {isa = PBXFileReference; fileEncoding = 4; lastKnownFileType = sourcecode.c.h; path = MJMethod.h; sourceTree = "<group>"; };
		9BDE21CC1B5AA56500CEA6F8 /* MJMethod.m */ = {isa = PBXFileReference; fileEncoding = 4; lastKnownFileType = sourcecode.c.objc; path = MJMethod.m; sourceTree = "<group>"; };
		9BDE21CD1B5AA56500CEA6F8 /* MJType.h */ = {isa = PBXFileReference; fileEncoding = 4; lastKnownFileType = sourcecode.c.h; path = MJType.h; sourceTree = "<group>"; };
		9BDE21CE1B5AA56500CEA6F8 /* MJType.m */ = {isa = PBXFileReference; fileEncoding = 4; lastKnownFileType = sourcecode.c.objc; path = MJType.m; sourceTree = "<group>"; };
		9BDE21CF1B5AA56500CEA6F8 /* MJTypeEncoding.h */ = {isa = PBXFileReference; fileEncoding = 4; lastKnownFileType = sourcecode.c.h; path = MJTypeEncoding.h; sourceTree = "<group>"; };
		9BDE21D01B5AA56500CEA6F8 /* MJTypeEncoding.m */ = {isa = PBXFileReference; fileEncoding = 4; lastKnownFileType = sourcecode.c.objc; path = MJTypeEncoding.m; sourceTree = "<group>"; };
		9BDE21D11B5AA56500CEA6F8 /* NSObject+MJCoding.h */ = {isa = PBXFileReference; fileEncoding = 4; lastKnownFileType = sourcecode.c.h; path = "NSObject+MJCoding.h"; sourceTree = "<group>"; };
		9BDE21D21B5AA56500CEA6F8 /* NSObject+MJCoding.m */ = {isa = PBXFileReference; fileEncoding = 4; lastKnownFileType = sourcecode.c.objc; path = "NSObject+MJCoding.m"; sourceTree = "<group>"; };
		9BDE21D31B5AA56500CEA6F8 /* NSObject+MJKeyValue.h */ = {isa = PBXFileReference; fileEncoding = 4; lastKnownFileType = sourcecode.c.h; path = "NSObject+MJKeyValue.h"; sourceTree = "<group>"; };
		9BDE21D41B5AA56500CEA6F8 /* NSObject+MJKeyValue.m */ = {isa = PBXFileReference; fileEncoding = 4; lastKnownFileType = sourcecode.c.objc; path = "NSObject+MJKeyValue.m"; sourceTree = "<group>"; };
		9BDE21D51B5AA56500CEA6F8 /* NSObject+MJMember.h */ = {isa = PBXFileReference; fileEncoding = 4; lastKnownFileType = sourcecode.c.h; path = "NSObject+MJMember.h"; sourceTree = "<group>"; };
		9BDE21D61B5AA56500CEA6F8 /* NSObject+MJMember.m */ = {isa = PBXFileReference; fileEncoding = 4; lastKnownFileType = sourcecode.c.objc; path = "NSObject+MJMember.m"; sourceTree = "<group>"; };
		9BE5ACFB1B6341D3008AEFAB /* MTCitySearchResultViewController.h */ = {isa = PBXFileReference; fileEncoding = 4; lastKnownFileType = sourcecode.c.h; path = MTCitySearchResultViewController.h; sourceTree = "<group>"; };
		9BE5ACFC1B6341D3008AEFAB /* MTCitySearchResultViewController.m */ = {isa = PBXFileReference; fileEncoding = 4; lastKnownFileType = sourcecode.c.objc; path = MTCitySearchResultViewController.m; sourceTree = "<group>"; };
		9BE5ACFE1B634544008AEFAB /* UIView+AutoLayout.h */ = {isa = PBXFileReference; fileEncoding = 4; lastKnownFileType = sourcecode.c.h; path = "UIView+AutoLayout.h"; sourceTree = "<group>"; };
		9BE5ACFF1B634544008AEFAB /* UIView+AutoLayout.m */ = {isa = PBXFileReference; fileEncoding = 4; lastKnownFileType = sourcecode.c.objc; path = "UIView+AutoLayout.m"; sourceTree = "<group>"; };
/* End PBXFileReference section */

/* Begin PBXFrameworksBuildPhase section */
		9B71DA3E1B59170B007AD280 /* Frameworks */ = {
			isa = PBXFrameworksBuildPhase;
			buildActionMask = 2147483647;
			files = (
			);
			runOnlyForDeploymentPostprocessing = 0;
		};
		9B71DA571B59170B007AD280 /* Frameworks */ = {
			isa = PBXFrameworksBuildPhase;
			buildActionMask = 2147483647;
			files = (
			);
			runOnlyForDeploymentPostprocessing = 0;
		};
/* End PBXFrameworksBuildPhase section */

/* Begin PBXGroup section */
		9B71DA381B59170B007AD280 = {
			isa = PBXGroup;
			children = (
				9B71DA431B59170B007AD280 /* MeiTuan_HD */,
				9B71DA5D1B59170B007AD280 /* MeiTuan_HDTests */,
				9B71DA421B59170B007AD280 /* Products */,
			);
			sourceTree = "<group>";
		};
		9B71DA421B59170B007AD280 /* Products */ = {
			isa = PBXGroup;
			children = (
				9B71DA411B59170B007AD280 /* MeiTuan_HD.app */,
				9B71DA5A1B59170B007AD280 /* MeiTuan_HDTests.xctest */,
			);
			name = Products;
			sourceTree = "<group>";
		};
		9B71DA431B59170B007AD280 /* MeiTuan_HD */ = {
			isa = PBXGroup;
			children = (
				9BDE21701B5A998F00CEA6F8 /* Classes */,
				9BDE219B1B5AA44C00CEA6F8 /* Plist */,
				9B71DA441B59170B007AD280 /* Supporting Files */,
			);
			path = MeiTuan_HD;
			sourceTree = "<group>";
		};
		9B71DA441B59170B007AD280 /* Supporting Files */ = {
			isa = PBXGroup;
			children = (
				9B71DA511B59170B007AD280 /* Images.xcassets */,
				9B71DA451B59170B007AD280 /* Info.plist */,
			);
			name = "Supporting Files";
			sourceTree = "<group>";
		};
		9B71DA5D1B59170B007AD280 /* MeiTuan_HDTests */ = {
			isa = PBXGroup;
			children = (
				9B71DA601B59170B007AD280 /* MeiTuan_HDTests.m */,
				9B71DA5E1B59170B007AD280 /* Supporting Files */,
			);
			path = MeiTuan_HDTests;
			sourceTree = "<group>";
		};
		9B71DA5E1B59170B007AD280 /* Supporting Files */ = {
			isa = PBXGroup;
			children = (
				9B71DA5F1B59170B007AD280 /* Info.plist */,
			);
			name = "Supporting Files";
			sourceTree = "<group>";
		};
		9B77838F1B7F1C10001E4681 /* SDWebImage */ = {
			isa = PBXGroup;
			children = (
				9B7783901B7F1C10001E4681 /* MKAnnotationView+WebCache.h */,
				9B7783911B7F1C10001E4681 /* MKAnnotationView+WebCache.m */,
				9B7783921B7F1C10001E4681 /* NSData+ImageContentType.h */,
				9B7783931B7F1C10001E4681 /* NSData+ImageContentType.m */,
				9B7783941B7F1C10001E4681 /* SDImageCache.h */,
				9B7783951B7F1C10001E4681 /* SDImageCache.m */,
				9B7783961B7F1C10001E4681 /* SDWebImageCompat.h */,
				9B7783971B7F1C10001E4681 /* SDWebImageCompat.m */,
				9B7783981B7F1C10001E4681 /* SDWebImageDecoder.h */,
				9B7783991B7F1C10001E4681 /* SDWebImageDecoder.m */,
				9B77839A1B7F1C10001E4681 /* SDWebImageDownloader.h */,
				9B77839B1B7F1C10001E4681 /* SDWebImageDownloader.m */,
				9B77839C1B7F1C10001E4681 /* SDWebImageDownloaderOperation.h */,
				9B77839D1B7F1C10001E4681 /* SDWebImageDownloaderOperation.m */,
				9B77839E1B7F1C10001E4681 /* SDWebImageManager.h */,
				9B77839F1B7F1C10001E4681 /* SDWebImageManager.m */,
				9B7783A01B7F1C10001E4681 /* SDWebImageOperation.h */,
				9B7783A11B7F1C10001E4681 /* SDWebImagePrefetcher.h */,
				9B7783A21B7F1C10001E4681 /* SDWebImagePrefetcher.m */,
				9B7783A31B7F1C10001E4681 /* UIButton+WebCache.h */,
				9B7783A41B7F1C10001E4681 /* UIButton+WebCache.m */,
				9B7783A51B7F1C10001E4681 /* UIImage+GIF.h */,
				9B7783A61B7F1C10001E4681 /* UIImage+GIF.m */,
				9B7783A71B7F1C10001E4681 /* UIImage+MultiFormat.h */,
				9B7783A81B7F1C10001E4681 /* UIImage+MultiFormat.m */,
				9B7783A91B7F1C10001E4681 /* UIImage+WebP.h */,
				9B7783AA1B7F1C10001E4681 /* UIImage+WebP.m */,
				9B7783AB1B7F1C10001E4681 /* UIImageView+HighlightedWebCache.h */,
				9B7783AC1B7F1C10001E4681 /* UIImageView+HighlightedWebCache.m */,
				9B7783AD1B7F1C10001E4681 /* UIImageView+WebCache.h */,
				9B7783AE1B7F1C10001E4681 /* UIImageView+WebCache.m */,
				9B7783AF1B7F1C10001E4681 /* UIView+WebCacheOperation.h */,
				9B7783B01B7F1C10001E4681 /* UIView+WebCacheOperation.m */,
			);
			path = SDWebImage;
			sourceTree = "<group>";
		};
		9B7783C41B7F5942001E4681 /* MJRefresh */ = {
			isa = PBXGroup;
			children = (
				9B7783C51B7F5942001E4681 /* MJRefresh.bundle */,
				9B7783C61B7F5942001E4681 /* MJRefresh.h */,
				9B7783C71B7F5942001E4681 /* MJRefreshBaseView.h */,
				9B7783C81B7F5942001E4681 /* MJRefreshBaseView.m */,
				9B7783C91B7F5942001E4681 /* MJRefreshConst.h */,
				9B7783CA1B7F5942001E4681 /* MJRefreshConst.m */,
				9B7783CB1B7F5942001E4681 /* MJRefreshFooterView.h */,
				9B7783CC1B7F5942001E4681 /* MJRefreshFooterView.m */,
				9B7783CD1B7F5942001E4681 /* MJRefreshHeaderView.h */,
				9B7783CE1B7F5942001E4681 /* MJRefreshHeaderView.m */,
				9B7783CF1B7F5942001E4681 /* UIScrollView+MJExtension.h */,
				9B7783D01B7F5942001E4681 /* UIScrollView+MJExtension.m */,
				9B7783D11B7F5942001E4681 /* UIScrollView+MJRefresh.h */,
				9B7783D21B7F5942001E4681 /* UIScrollView+MJRefresh.m */,
				9B7783D31B7F5942001E4681 /* UIView+MJExtension.h */,
				9B7783D41B7F5942001E4681 /* UIView+MJExtension.m */,
			);
			path = MJRefresh;
			sourceTree = "<group>";
		};
		9B7783DD1B7F6DF7001E4681 /* MBProgressHUD */ = {
			isa = PBXGroup;
			children = (
				9B7783DE1B7F6DF7001E4681 /* MBProgressHUD+MJ.h */,
				9B7783DF1B7F6DF7001E4681 /* MBProgressHUD+MJ.m */,
				9B7783E01B7F6DF7001E4681 /* MBProgressHUD.bundle */,
				9B7783E11B7F6DF7001E4681 /* MBProgressHUD.h */,
				9B7783E21B7F6DF7001E4681 /* MBProgressHUD.m */,
			);
			path = MBProgressHUD;
			sourceTree = "<group>";
		};
		9B7783E61B7F9CAC001E4681 /* Search(搜索) */ = {
			isa = PBXGroup;
			children = (
				9B7783E71B7F9CAC001E4681 /* Controller */,
			);
			path = "Search(搜索)";
			sourceTree = "<group>";
		};
		9B7783E71B7F9CAC001E4681 /* Controller */ = {
			isa = PBXGroup;
			children = (
				9B7783E81B7F9D27001E4681 /* MTSearchViewController.h */,
				9B7783E91B7F9D27001E4681 /* MTSearchViewController.m */,
			);
			path = Controller;
			sourceTree = "<group>";
		};
		9B7FB2DA1B71021B002F2D29 /* Tools */ = {
			isa = PBXGroup;
			children = (
				9B7FB2DB1B710256002F2D29 /* MTMetalTool.h */,
				9B7FB2DC1B710256002F2D29 /* MTMetalTool.m */,
			);
			path = Tools;
			sourceTree = "<group>";
		};
		9B80BDA01B75FF23007B0FA0 /* dianpingapi */ = {
			isa = PBXGroup;
			children = (
				9B80BDA11B75FF23007B0FA0 /* DPAPI.h */,
				9B80BDA21B75FF23007B0FA0 /* DPAPI.m */,
				9B80BDA31B75FF23007B0FA0 /* DPConstants.h */,
				9B80BDA41B75FF23007B0FA0 /* DPRequest.h */,
				9B80BDA51B75FF23007B0FA0 /* DPRequest.m */,
			);
			path = dianpingapi;
			sourceTree = "<group>";
		};
		9BDE21701B5A998F00CEA6F8 /* Classes */ = {
			isa = PBXGroup;
			children = (
				9B7783E61B7F9CAC001E4681 /* Search(搜索) */,
				9BDE21711B5A998F00CEA6F8 /* Home(首页) */,
				9BDE217A1B5A999000CEA6F8 /* Main(主要) */,
			);
			path = Classes;
			sourceTree = "<group>";
		};
		9BDE21711B5A998F00CEA6F8 /* Home(首页) */ = {
			isa = PBXGroup;
			children = (
				9BDE21721B5A999000CEA6F8 /* Controller */,
				9BDE21751B5A999000CEA6F8 /* model */,
				9BDE21761B5A999000CEA6F8 /* View */,
				9B7FB2DA1B71021B002F2D29 /* Tools */,
			);
			path = "Home(首页)";
			sourceTree = "<group>";
		};
		9BDE21721B5A999000CEA6F8 /* Controller */ = {
			isa = PBXGroup;
			children = (
				9BDE21731B5A999000CEA6F8 /* MTHomeViewController.h */,
				9BDE21741B5A999000CEA6F8 /* MTHomeViewController.m */,
				9BDE21981B5AA14D00CEA6F8 /* MTCategoryViewController.h */,
				9BDE21991B5AA14D00CEA6F8 /* MTCategoryViewController.m */,
				9B6AE51D1B5BAC1700F9286C /* MTRegionViewController.h */,
				9B6AE51E1B5BAC1700F9286C /* MTRegionViewController.m */,
				9B6AE51F1B5BAC1700F9286C /* MTRegionViewController.xib */,
				9B80BD9D1B75CBA9007B0FA0 /* MTSortViewController.h */,
				9B80BD9E1B75CBA9007B0FA0 /* MTSortViewController.m */,
				9B6AE5221B5BB36B00F9286C /* MTCityViewController.h */,
				9B6AE5231B5BB36B00F9286C /* MTCityViewController.m */,
				9B6AE5241B5BB36B00F9286C /* MTCityViewController.xib */,
				9BE5ACFB1B6341D3008AEFAB /* MTCitySearchResultViewController.h */,
				9BE5ACFC1B6341D3008AEFAB /* MTCitySearchResultViewController.m */,
			);
			path = Controller;
			sourceTree = "<group>";
		};
		9BDE21751B5A999000CEA6F8 /* model */ = {
			isa = PBXGroup;
			children = (
				9BDE21A41B5AA48700CEA6F8 /* MTCategory.h */,
				9BDE21A51B5AA48700CEA6F8 /* MTCategory.m */,
				9B274B7B1B5BBADD008D4394 /* MTCity.h */,
				9B274B7C1B5BBADD008D4394 /* MTCity.m */,
				9B274B7E1B5BBB8E008D4394 /* MTRegion.h */,
				9B274B7F1B5BBB8E008D4394 /* MTRegion.m */,
				9B274B811B5BBF0B008D4394 /* MTCityGroup.h */,
				9B274B821B5BBF0B008D4394 /* MTCityGroup.m */,
				9B80BD9A1B75CB3A007B0FA0 /* MTSort.h */,
				9B80BD9B1B75CB3A007B0FA0 /* MTSort.m */,
				9B87344D1B777F42006DB285 /* MTDeal.h */,
				9B87344E1B777F42006DB285 /* MTDeal.m */,
			);
			path = model;
			sourceTree = "<group>";
		};
		9BDE21761B5A999000CEA6F8 /* View */ = {
			isa = PBXGroup;
			children = (
				9B8734501B77B3AE006DB285 /* MTDealCell.h */,
				9B8734511B77B3AE006DB285 /* MTDealCell.m */,
				9B8734521B77B3AE006DB285 /* MTDealCell.xib */,
				9B7783C11B7F2CBA001E4681 /* MTCenterLineLabel.h */,
				9B7783C21B7F2CBA001E4681 /* MTCenterLineLabel.m */,
				9BDE21931B5A9A7F00CEA6F8 /* MTHomeDropdown.h */,
				9BDE21941B5A9A7F00CEA6F8 /* MTHomeDropdown.m */,
				9BDE21961B5A9ABC00CEA6F8 /* MTHomeDropdown.xib */,
				9BDE21771B5A999000CEA6F8 /* MTHomeLeftTopMenu.h */,
				9BDE21781B5A999000CEA6F8 /* MTHomeLeftTopMenu.m */,
				9BDE21791B5A999000CEA6F8 /* MTHomeLeftTopMenu.xib */,
				9B6AE5121B5BA50800F9286C /* MTHomeDropdownMainCell.h */,
				9B6AE5131B5BA50800F9286C /* MTHomeDropdownMainCell.m */,
				9B6AE5151B5BA52200F9286C /* MTHomeDropdownSubCell.h */,
				9B6AE5161B5BA52200F9286C /* MTHomeDropdownSubCell.m */,
			);
			path = View;
			sourceTree = "<group>";
		};
		9BDE217A1B5A999000CEA6F8 /* Main(主要) */ = {
			isa = PBXGroup;
			children = (
				9BDE217B1B5A999000CEA6F8 /* Category */,
				9BDE21801B5A999000CEA6F8 /* Controller */,
				9BDE21831B5A999000CEA6F8 /* Lib */,
				9BDE21841B5A999000CEA6F8 /* Other */,
			);
			path = "Main(主要)";
			sourceTree = "<group>";
		};
		9BDE217B1B5A999000CEA6F8 /* Category */ = {
			isa = PBXGroup;
			children = (
				9B80BDA81B76036C007B0FA0 /* Foundation+Log.m */,
				9BE5ACFE1B634544008AEFAB /* UIView+AutoLayout.h */,
				9BE5ACFF1B634544008AEFAB /* UIView+AutoLayout.m */,
				9BDE217C1B5A999000CEA6F8 /* UIBarButtonItem+Extension.h */,
				9BDE217D1B5A999000CEA6F8 /* UIBarButtonItem+Extension.m */,
				9BDE217E1B5A999000CEA6F8 /* UIView+Extension.h */,
				9BDE217F1B5A999000CEA6F8 /* UIView+Extension.m */,
			);
			path = Category;
			sourceTree = "<group>";
		};
		9BDE21801B5A999000CEA6F8 /* Controller */ = {
			isa = PBXGroup;
			children = (
				9BDE21811B5A999000CEA6F8 /* MTNavigationController.h */,
				9BDE21821B5A999000CEA6F8 /* MTNavigationController.m */,
			);
			path = Controller;
			sourceTree = "<group>";
		};
		9BDE21831B5A999000CEA6F8 /* Lib */ = {
			isa = PBXGroup;
			children = (
				9B7783DD1B7F6DF7001E4681 /* MBProgressHUD */,
				9B7783C41B7F5942001E4681 /* MJRefresh */,
				9B77838F1B7F1C10001E4681 /* SDWebImage */,
				9B80BDA01B75FF23007B0FA0 /* dianpingapi */,
				9BDE21A71B5AA56500CEA6F8 /* Masonry */,
				9BDE21BF1B5AA56500CEA6F8 /* MJExtension */,
			);
			path = Lib;
			sourceTree = "<group>";
		};
		9BDE21841B5A999000CEA6F8 /* Other */ = {
			isa = PBXGroup;
			children = (
				9BDE21851B5A999000CEA6F8 /* AppDelegate.h */,
				9BDE21861B5A999000CEA6F8 /* AppDelegate.m */,
				9BDE21871B5A999000CEA6F8 /* main.m */,
				9BDE21881B5A999000CEA6F8 /* MTConst.h */,
				9BDE21891B5A999000CEA6F8 /* MTConst.m */,
			);
			path = Other;
			sourceTree = "<group>";
		};
		9BDE219B1B5AA44C00CEA6F8 /* Plist */ = {
			isa = PBXGroup;
			children = (
				9BDE219C1B5AA44C00CEA6F8 /* categories.plist */,
				9BDE219D1B5AA44C00CEA6F8 /* cities.plist */,
				9BDE219E1B5AA44C00CEA6F8 /* cityGroups.plist */,
				9BDE219F1B5AA44C00CEA6F8 /* sorts.plist */,
			);
			path = Plist;
			sourceTree = "<group>";
		};
		9BDE21A71B5AA56500CEA6F8 /* Masonry */ = {
			isa = PBXGroup;
			children = (
				9BDE21A81B5AA56500CEA6F8 /* MASCompositeConstraint.h */,
				9BDE21A91B5AA56500CEA6F8 /* MASCompositeConstraint.m */,
				9BDE21AA1B5AA56500CEA6F8 /* MASConstraint+Private.h */,
				9BDE21AB1B5AA56500CEA6F8 /* MASConstraint.h */,
				9BDE21AC1B5AA56500CEA6F8 /* MASConstraint.m */,
				9BDE21AD1B5AA56500CEA6F8 /* MASConstraintMaker.h */,
				9BDE21AE1B5AA56500CEA6F8 /* MASConstraintMaker.m */,
				9BDE21AF1B5AA56500CEA6F8 /* MASLayoutConstraint.h */,
				9BDE21B01B5AA56500CEA6F8 /* MASLayoutConstraint.m */,
				9BDE21B11B5AA56500CEA6F8 /* Masonry.h */,
				9BDE21B21B5AA56500CEA6F8 /* MASUtilities.h */,
				9BDE21B31B5AA56500CEA6F8 /* MASViewAttribute.h */,
				9BDE21B41B5AA56500CEA6F8 /* MASViewAttribute.m */,
				9BDE21B51B5AA56500CEA6F8 /* MASViewConstraint.h */,
				9BDE21B61B5AA56500CEA6F8 /* MASViewConstraint.m */,
				9BDE21B71B5AA56500CEA6F8 /* NSArray+MASAdditions.h */,
				9BDE21B81B5AA56500CEA6F8 /* NSArray+MASAdditions.m */,
				9BDE21B91B5AA56500CEA6F8 /* NSArray+MASShorthandAdditions.h */,
				9BDE21BA1B5AA56500CEA6F8 /* NSLayoutConstraint+MASDebugAdditions.h */,
				9BDE21BB1B5AA56500CEA6F8 /* NSLayoutConstraint+MASDebugAdditions.m */,
				9BDE21BC1B5AA56500CEA6F8 /* View+MASAdditions.h */,
				9BDE21BD1B5AA56500CEA6F8 /* View+MASAdditions.m */,
				9BDE21BE1B5AA56500CEA6F8 /* View+MASShorthandAdditions.h */,
			);
			path = Masonry;
			sourceTree = "<group>";
		};
		9BDE21BF1B5AA56500CEA6F8 /* MJExtension */ = {
			isa = PBXGroup;
			children = (
				9BDE21C01B5AA56500CEA6F8 /* MJArgument.h */,
				9BDE21C11B5AA56500CEA6F8 /* MJArgument.m */,
				9BDE21C21B5AA56500CEA6F8 /* MJConst.h */,
				9BDE21C31B5AA56500CEA6F8 /* MJConst.m */,
				9BDE21C41B5AA56500CEA6F8 /* MJExtension.h */,
				9BDE21C51B5AA56500CEA6F8 /* MJFoundation.h */,
				9BDE21C61B5AA56500CEA6F8 /* MJFoundation.m */,
				9BDE21C71B5AA56500CEA6F8 /* MJIvar.h */,
				9BDE21C81B5AA56500CEA6F8 /* MJIvar.m */,
				9BDE21C91B5AA56500CEA6F8 /* MJMember.h */,
				9BDE21CA1B5AA56500CEA6F8 /* MJMember.m */,
				9BDE21CB1B5AA56500CEA6F8 /* MJMethod.h */,
				9BDE21CC1B5AA56500CEA6F8 /* MJMethod.m */,
				9BDE21CD1B5AA56500CEA6F8 /* MJType.h */,
				9BDE21CE1B5AA56500CEA6F8 /* MJType.m */,
				9BDE21CF1B5AA56500CEA6F8 /* MJTypeEncoding.h */,
				9BDE21D01B5AA56500CEA6F8 /* MJTypeEncoding.m */,
				9BDE21D11B5AA56500CEA6F8 /* NSObject+MJCoding.h */,
				9BDE21D21B5AA56500CEA6F8 /* NSObject+MJCoding.m */,
				9BDE21D31B5AA56500CEA6F8 /* NSObject+MJKeyValue.h */,
				9BDE21D41B5AA56500CEA6F8 /* NSObject+MJKeyValue.m */,
				9BDE21D51B5AA56500CEA6F8 /* NSObject+MJMember.h */,
				9BDE21D61B5AA56500CEA6F8 /* NSObject+MJMember.m */,
			);
			path = MJExtension;
			sourceTree = "<group>";
		};
/* End PBXGroup section */

/* Begin PBXNativeTarget section */
		9B71DA401B59170B007AD280 /* MeiTuan_HD */ = {
			isa = PBXNativeTarget;
			buildConfigurationList = 9B71DA641B59170B007AD280 /* Build configuration list for PBXNativeTarget "MeiTuan_HD" */;
			buildPhases = (
				9B71DA3D1B59170B007AD280 /* Sources */,
				9B71DA3E1B59170B007AD280 /* Frameworks */,
				9B71DA3F1B59170B007AD280 /* Resources */,
			);
			buildRules = (
			);
			dependencies = (
			);
			name = MeiTuan_HD;
			productName = MeiTuan_HD;
			productReference = 9B71DA411B59170B007AD280 /* MeiTuan_HD.app */;
			productType = "com.apple.product-type.application";
		};
		9B71DA591B59170B007AD280 /* MeiTuan_HDTests */ = {
			isa = PBXNativeTarget;
			buildConfigurationList = 9B71DA671B59170B007AD280 /* Build configuration list for PBXNativeTarget "MeiTuan_HDTests" */;
			buildPhases = (
				9B71DA561B59170B007AD280 /* Sources */,
				9B71DA571B59170B007AD280 /* Frameworks */,
				9B71DA581B59170B007AD280 /* Resources */,
			);
			buildRules = (
			);
			dependencies = (
				9B71DA5C1B59170B007AD280 /* PBXTargetDependency */,
			);
			name = MeiTuan_HDTests;
			productName = MeiTuan_HDTests;
			productReference = 9B71DA5A1B59170B007AD280 /* MeiTuan_HDTests.xctest */;
			productType = "com.apple.product-type.bundle.unit-test";
		};
/* End PBXNativeTarget section */

/* Begin PBXProject section */
		9B71DA391B59170B007AD280 /* Project object */ = {
			isa = PBXProject;
			attributes = {
				CLASSPREFIX = MT;
				LastUpgradeCheck = 0640;
				ORGANIZATIONNAME = WayneLiu;
				TargetAttributes = {
					9B71DA401B59170B007AD280 = {
						CreatedOnToolsVersion = 6.4;
					};
					9B71DA591B59170B007AD280 = {
						CreatedOnToolsVersion = 6.4;
						TestTargetID = 9B71DA401B59170B007AD280;
					};
				};
			};
			buildConfigurationList = 9B71DA3C1B59170B007AD280 /* Build configuration list for PBXProject "MeiTuan_HD" */;
			compatibilityVersion = "Xcode 3.2";
			developmentRegion = English;
			hasScannedForEncodings = 0;
			knownRegions = (
				en,
				Base,
			);
			mainGroup = 9B71DA381B59170B007AD280;
			productRefGroup = 9B71DA421B59170B007AD280 /* Products */;
			projectDirPath = "";
			projectRoot = "";
			targets = (
				9B71DA401B59170B007AD280 /* MeiTuan_HD */,
				9B71DA591B59170B007AD280 /* MeiTuan_HDTests */,
			);
		};
/* End PBXProject section */

/* Begin PBXResourcesBuildPhase section */
		9B71DA3F1B59170B007AD280 /* Resources */ = {
			isa = PBXResourcesBuildPhase;
			buildActionMask = 2147483647;
			files = (
				9B6AE5261B5BB36B00F9286C /* MTCityViewController.xib in Resources */,
				9BDE21A01B5AA44C00CEA6F8 /* categories.plist in Resources */,
				9B71DA521B59170B007AD280 /* Images.xcassets in Resources */,
				9BDE21A31B5AA44C00CEA6F8 /* sorts.plist in Resources */,
				9B6AE5211B5BAC1700F9286C /* MTRegionViewController.xib in Resources */,
				9B7783E41B7F6DF7001E4681 /* MBProgressHUD.bundle in Resources */,
				9BDE218C1B5A999000CEA6F8 /* MTHomeLeftTopMenu.xib in Resources */,
				9BDE21A11B5AA44C00CEA6F8 /* cities.plist in Resources */,
				9B7783D51B7F5942001E4681 /* MJRefresh.bundle in Resources */,
				9BDE21971B5A9ABC00CEA6F8 /* MTHomeDropdown.xib in Resources */,
				9B8734541B77B3AE006DB285 /* MTDealCell.xib in Resources */,
				9BDE21A21B5AA44C00CEA6F8 /* cityGroups.plist in Resources */,
			);
			runOnlyForDeploymentPostprocessing = 0;
		};
		9B71DA581B59170B007AD280 /* Resources */ = {
			isa = PBXResourcesBuildPhase;
			buildActionMask = 2147483647;
			files = (
			);
			runOnlyForDeploymentPostprocessing = 0;
		};
/* End PBXResourcesBuildPhase section */

/* Begin PBXSourcesBuildPhase section */
		9B71DA3D1B59170B007AD280 /* Sources */ = {
			isa = PBXSourcesBuildPhase;
			buildActionMask = 2147483647;
			files = (
				9BDE218D1B5A999000CEA6F8 /* UIBarButtonItem+Extension.m in Sources */,
				9B7783B81B7F1C10001E4681 /* SDWebImageManager.m in Sources */,
				9BDE21EA1B5AA56500CEA6F8 /* NSObject+MJMember.m in Sources */,
				9B7783B91B7F1C10001E4681 /* SDWebImagePrefetcher.m in Sources */,
				9BDE218A1B5A999000CEA6F8 /* MTHomeViewController.m in Sources */,
				9B7783BD1B7F1C10001E4681 /* UIImage+WebP.m in Sources */,
				9B7783D61B7F5942001E4681 /* MJRefreshBaseView.m in Sources */,
				9BDE21951B5A9A7F00CEA6F8 /* MTHomeDropdown.m in Sources */,
				9B7783D81B7F5942001E4681 /* MJRefreshFooterView.m in Sources */,
				9B7783B11B7F1C10001E4681 /* MKAnnotationView+WebCache.m in Sources */,
				9BDE21901B5A999000CEA6F8 /* AppDelegate.m in Sources */,
				9BDE21E01B5AA56500CEA6F8 /* MJArgument.m in Sources */,
				9BDE21D71B5AA56500CEA6F8 /* MASCompositeConstraint.m in Sources */,
				9B6AE5171B5BA52200F9286C /* MTHomeDropdownSubCell.m in Sources */,
				9BDE218E1B5A999000CEA6F8 /* UIView+Extension.m in Sources */,
				9B7783B61B7F1C10001E4681 /* SDWebImageDownloader.m in Sources */,
				9B7783B71B7F1C10001E4681 /* SDWebImageDownloaderOperation.m in Sources */,
				9B7783BB1B7F1C10001E4681 /* UIImage+GIF.m in Sources */,
				9BDE21E71B5AA56500CEA6F8 /* MJTypeEncoding.m in Sources */,
				9BDE21DC1B5AA56500CEA6F8 /* MASViewConstraint.m in Sources */,
				9BDE219A1B5AA14D00CEA6F8 /* MTCategoryViewController.m in Sources */,
				9BDE21E21B5AA56500CEA6F8 /* MJFoundation.m in Sources */,
				9BDE21E61B5AA56500CEA6F8 /* MJType.m in Sources */,
				9B7783C31B7F2CBA001E4681 /* MTCenterLineLabel.m in Sources */,
				9B6AE5251B5BB36B00F9286C /* MTCityViewController.m in Sources */,
				9B274B831B5BBF0B008D4394 /* MTCityGroup.m in Sources */,
				9B7783B41B7F1C10001E4681 /* SDWebImageCompat.m in Sources */,
				9BDE21DF1B5AA56500CEA6F8 /* View+MASAdditions.m in Sources */,
				9B6AE5201B5BAC1700F9286C /* MTRegionViewController.m in Sources */,
				9BDE21E51B5AA56500CEA6F8 /* MJMethod.m in Sources */,
				9B7783B21B7F1C10001E4681 /* NSData+ImageContentType.m in Sources */,
				9B7783DC1B7F5942001E4681 /* UIView+MJExtension.m in Sources */,
				9B7783BE1B7F1C10001E4681 /* UIImageView+HighlightedWebCache.m in Sources */,
				9B7783DB1B7F5942001E4681 /* UIScrollView+MJRefresh.m in Sources */,
				9B6AE5141B5BA50800F9286C /* MTHomeDropdownMainCell.m in Sources */,
				9B7783BA1B7F1C10001E4681 /* UIButton+WebCache.m in Sources */,
				9BDE21DE1B5AA56500CEA6F8 /* NSLayoutConstraint+MASDebugAdditions.m in Sources */,
				9B7783BF1B7F1C10001E4681 /* UIImageView+WebCache.m in Sources */,
				9B7783E31B7F6DF7001E4681 /* MBProgressHUD+MJ.m in Sources */,
				9B80BDA91B76036C007B0FA0 /* Foundation+Log.m in Sources */,
				9BDE21E31B5AA56500CEA6F8 /* MJIvar.m in Sources */,
				9BDE21DA1B5AA56500CEA6F8 /* MASLayoutConstraint.m in Sources */,
				9B80BD9F1B75CBA9007B0FA0 /* MTSortViewController.m in Sources */,
				9B7783EA1B7F9D27001E4681 /* MTSearchViewController.m in Sources */,
				9B80BDA61B75FF23007B0FA0 /* DPAPI.m in Sources */,
				9BDE21D91B5AA56500CEA6F8 /* MASConstraintMaker.m in Sources */,
				9BDE21921B5A999000CEA6F8 /* MTConst.m in Sources */,
				9BE5AD001B634544008AEFAB /* UIView+AutoLayout.m in Sources */,
				9B7783DA1B7F5942001E4681 /* UIScrollView+MJExtension.m in Sources */,
				9BDE218B1B5A999000CEA6F8 /* MTHomeLeftTopMenu.m in Sources */,
				9B8734531B77B3AE006DB285 /* MTDealCell.m in Sources */,
				9BDE21911B5A999000CEA6F8 /* main.m in Sources */,
				9BDE21E41B5AA56500CEA6F8 /* MJMember.m in Sources */,
				9B87344F1B777F42006DB285 /* MTDeal.m in Sources */,
				9BDE21E81B5AA56500CEA6F8 /* NSObject+MJCoding.m in Sources */,
				9B80BD9C1B75CB3A007B0FA0 /* MTSort.m in Sources */,
				9BDE218F1B5A999000CEA6F8 /* MTNavigationController.m in Sources */,
				9BDE21DD1B5AA56500CEA6F8 /* NSArray+MASAdditions.m in Sources */,
				9BDE21E11B5AA56500CEA6F8 /* MJConst.m in Sources */,
				9B7FB2DD1B710256002F2D29 /* MTMetalTool.m in Sources */,
				9B7783E51B7F6DF7001E4681 /* MBProgressHUD.m in Sources */,
				9B7783B51B7F1C10001E4681 /* SDWebImageDecoder.m in Sources */,
				9BDE21DB1B5AA56500CEA6F8 /* MASViewAttribute.m in Sources */,
				9B7783D91B7F5942001E4681 /* MJRefreshHeaderView.m in Sources */,
				9B274B801B5BBB8E008D4394 /* MTRegion.m in Sources */,
				9B7783D71B7F5942001E4681 /* MJRefreshConst.m in Sources */,
				9B7783BC1B7F1C10001E4681 /* UIImage+MultiFormat.m in Sources */,
				9BE5ACFD1B6341D3008AEFAB /* MTCitySearchResultViewController.m in Sources */,
				9B80BDA71B75FF23007B0FA0 /* DPRequest.m in Sources */,
				9B7783B31B7F1C10001E4681 /* SDImageCache.m in Sources */,
				9BDE21A61B5AA48700CEA6F8 /* MTCategory.m in Sources */,
				9B7783C01B7F1C10001E4681 /* UIView+WebCacheOperation.m in Sources */,
				9B274B7D1B5BBADD008D4394 /* MTCity.m in Sources */,
				9BDE21E91B5AA56500CEA6F8 /* NSObject+MJKeyValue.m in Sources */,
				9BDE21D81B5AA56500CEA6F8 /* MASConstraint.m in Sources */,
			);
			runOnlyForDeploymentPostprocessing = 0;
		};
		9B71DA561B59170B007AD280 /* Sources */ = {
			isa = PBXSourcesBuildPhase;
			buildActionMask = 2147483647;
			files = (
				9B71DA611B59170B007AD280 /* MeiTuan_HDTests.m in Sources */,
			);
			runOnlyForDeploymentPostprocessing = 0;
		};
/* End PBXSourcesBuildPhase section */

/* Begin PBXTargetDependency section */
		9B71DA5C1B59170B007AD280 /* PBXTargetDependency */ = {
			isa = PBXTargetDependency;
			target = 9B71DA401B59170B007AD280 /* MeiTuan_HD */;
			targetProxy = 9B71DA5B1B59170B007AD280 /* PBXContainerItemProxy */;
		};
/* End PBXTargetDependency section */

/* Begin XCBuildConfiguration section */
		9B71DA621B59170B007AD280 /* Debug */ = {
			isa = XCBuildConfiguration;
			buildSettings = {
				ALWAYS_SEARCH_USER_PATHS = NO;
				CLANG_CXX_LANGUAGE_STANDARD = "gnu++0x";
				CLANG_CXX_LIBRARY = "libc++";
				CLANG_ENABLE_MODULES = YES;
				CLANG_ENABLE_OBJC_ARC = YES;
				CLANG_WARN_BOOL_CONVERSION = YES;
				CLANG_WARN_CONSTANT_CONVERSION = YES;
				CLANG_WARN_DIRECT_OBJC_ISA_USAGE = YES_ERROR;
				CLANG_WARN_EMPTY_BODY = YES;
				CLANG_WARN_ENUM_CONVERSION = YES;
				CLANG_WARN_INT_CONVERSION = YES;
				CLANG_WARN_OBJC_ROOT_CLASS = YES_ERROR;
				CLANG_WARN_UNREACHABLE_CODE = YES;
				CLANG_WARN__DUPLICATE_METHOD_MATCH = YES;
				"CODE_SIGN_IDENTITY[sdk=iphoneos*]" = "iPhone Developer";
				COPY_PHASE_STRIP = NO;
				DEBUG_INFORMATION_FORMAT = "dwarf-with-dsym";
				ENABLE_STRICT_OBJC_MSGSEND = YES;
				GCC_C_LANGUAGE_STANDARD = gnu99;
				GCC_DYNAMIC_NO_PIC = NO;
				GCC_NO_COMMON_BLOCKS = YES;
				GCC_OPTIMIZATION_LEVEL = 0;
				GCC_PREPROCESSOR_DEFINITIONS = (
					"DEBUG=1",
					"$(inherited)",
				);
				GCC_SYMBOLS_PRIVATE_EXTERN = NO;
				GCC_WARN_64_TO_32_BIT_CONVERSION = YES;
				GCC_WARN_ABOUT_RETURN_TYPE = YES_ERROR;
				GCC_WARN_UNDECLARED_SELECTOR = YES;
				GCC_WARN_UNINITIALIZED_AUTOS = YES_AGGRESSIVE;
				GCC_WARN_UNUSED_FUNCTION = YES;
				GCC_WARN_UNUSED_VARIABLE = YES;
				IPHONEOS_DEPLOYMENT_TARGET = 8.4;
				MTL_ENABLE_DEBUG_INFO = YES;
				ONLY_ACTIVE_ARCH = YES;
				SDKROOT = iphoneos;
				TARGETED_DEVICE_FAMILY = 2;
			};
			name = Debug;
		};
		9B71DA631B59170B007AD280 /* Release */ = {
			isa = XCBuildConfiguration;
			buildSettings = {
				ALWAYS_SEARCH_USER_PATHS = NO;
				CLANG_CXX_LANGUAGE_STANDARD = "gnu++0x";
				CLANG_CXX_LIBRARY = "libc++";
				CLANG_ENABLE_MODULES = YES;
				CLANG_ENABLE_OBJC_ARC = YES;
				CLANG_WARN_BOOL_CONVERSION = YES;
				CLANG_WARN_CONSTANT_CONVERSION = YES;
				CLANG_WARN_DIRECT_OBJC_ISA_USAGE = YES_ERROR;
				CLANG_WARN_EMPTY_BODY = YES;
				CLANG_WARN_ENUM_CONVERSION = YES;
				CLANG_WARN_INT_CONVERSION = YES;
				CLANG_WARN_OBJC_ROOT_CLASS = YES_ERROR;
				CLANG_WARN_UNREACHABLE_CODE = YES;
				CLANG_WARN__DUPLICATE_METHOD_MATCH = YES;
				"CODE_SIGN_IDENTITY[sdk=iphoneos*]" = "iPhone Developer";
				COPY_PHASE_STRIP = NO;
				DEBUG_INFORMATION_FORMAT = "dwarf-with-dsym";
				ENABLE_NS_ASSERTIONS = NO;
				ENABLE_STRICT_OBJC_MSGSEND = YES;
				GCC_C_LANGUAGE_STANDARD = gnu99;
				GCC_NO_COMMON_BLOCKS = YES;
				GCC_WARN_64_TO_32_BIT_CONVERSION = YES;
				GCC_WARN_ABOUT_RETURN_TYPE = YES_ERROR;
				GCC_WARN_UNDECLARED_SELECTOR = YES;
				GCC_WARN_UNINITIALIZED_AUTOS = YES_AGGRESSIVE;
				GCC_WARN_UNUSED_FUNCTION = YES;
				GCC_WARN_UNUSED_VARIABLE = YES;
				IPHONEOS_DEPLOYMENT_TARGET = 8.4;
				MTL_ENABLE_DEBUG_INFO = NO;
				SDKROOT = iphoneos;
				TARGETED_DEVICE_FAMILY = 2;
				VALIDATE_PRODUCT = YES;
			};
			name = Release;
		};
		9B71DA651B59170B007AD280 /* Debug */ = {
			isa = XCBuildConfiguration;
			buildSettings = {
				ASSETCATALOG_COMPILER_APPICON_NAME = AppIcon;
				ASSETCATALOG_COMPILER_LAUNCHIMAGE_NAME = LaunchImage;
				INFOPLIST_FILE = MeiTuan_HD/Info.plist;
				LD_RUNPATH_SEARCH_PATHS = "$(inherited) @executable_path/Frameworks";
				PRODUCT_NAME = "$(TARGET_NAME)";
			};
			name = Debug;
		};
		9B71DA661B59170B007AD280 /* Release */ = {
			isa = XCBuildConfiguration;
			buildSettings = {
				ASSETCATALOG_COMPILER_APPICON_NAME = AppIcon;
				ASSETCATALOG_COMPILER_LAUNCHIMAGE_NAME = LaunchImage;
				INFOPLIST_FILE = MeiTuan_HD/Info.plist;
				LD_RUNPATH_SEARCH_PATHS = "$(inherited) @executable_path/Frameworks";
				PRODUCT_NAME = "$(TARGET_NAME)";
			};
			name = Release;
		};
		9B71DA681B59170B007AD280 /* Debug */ = {
			isa = XCBuildConfiguration;
			buildSettings = {
				BUNDLE_LOADER = "$(TEST_HOST)";
				FRAMEWORK_SEARCH_PATHS = (
					"$(SDKROOT)/Developer/Library/Frameworks",
					"$(inherited)",
				);
				GCC_PREPROCESSOR_DEFINITIONS = (
					"DEBUG=1",
					"$(inherited)",
				);
				INFOPLIST_FILE = MeiTuan_HDTests/Info.plist;
				LD_RUNPATH_SEARCH_PATHS = "$(inherited) @executable_path/Frameworks @loader_path/Frameworks";
				PRODUCT_NAME = "$(TARGET_NAME)";
				TEST_HOST = "$(BUILT_PRODUCTS_DIR)/MeiTuan_HD.app/MeiTuan_HD";
			};
			name = Debug;
		};
		9B71DA691B59170B007AD280 /* Release */ = {
			isa = XCBuildConfiguration;
			buildSettings = {
				BUNDLE_LOADER = "$(TEST_HOST)";
				FRAMEWORK_SEARCH_PATHS = (
					"$(SDKROOT)/Developer/Library/Frameworks",
					"$(inherited)",
				);
				INFOPLIST_FILE = MeiTuan_HDTests/Info.plist;
				LD_RUNPATH_SEARCH_PATHS = "$(inherited) @executable_path/Frameworks @loader_path/Frameworks";
				PRODUCT_NAME = "$(TARGET_NAME)";
				TEST_HOST = "$(BUILT_PRODUCTS_DIR)/MeiTuan_HD.app/MeiTuan_HD";
			};
			name = Release;
		};
/* End XCBuildConfiguration section */

/* Begin XCConfigurationList section */
		9B71DA3C1B59170B007AD280 /* Build configuration list for PBXProject "MeiTuan_HD" */ = {
			isa = XCConfigurationList;
			buildConfigurations = (
				9B71DA621B59170B007AD280 /* Debug */,
				9B71DA631B59170B007AD280 /* Release */,
			);
			defaultConfigurationIsVisible = 0;
			defaultConfigurationName = Release;
		};
		9B71DA641B59170B007AD280 /* Build configuration list for PBXNativeTarget "MeiTuan_HD" */ = {
			isa = XCConfigurationList;
			buildConfigurations = (
				9B71DA651B59170B007AD280 /* Debug */,
				9B71DA661B59170B007AD280 /* Release */,
			);
			defaultConfigurationIsVisible = 0;
			defaultConfigurationName = Release;
		};
		9B71DA671B59170B007AD280 /* Build configuration list for PBXNativeTarget "MeiTuan_HDTests" */ = {
			isa = XCConfigurationList;
			buildConfigurations = (
				9B71DA681B59170B007AD280 /* Debug */,
				9B71DA691B59170B007AD280 /* Release */,
			);
			defaultConfigurationIsVisible = 0;
			defaultConfigurationName = Release;
		};
/* End XCConfigurationList section */
	};
	rootObject = 9B71DA391B59170B007AD280 /* Project object */;
}
